// !$*UTF8*$!
{
	archiveVersion = 1;
	classes = {
	};
	objectVersion = 56;
	objects = {

/* Begin PBXBuildFile section */
		2D1C34332B30C5AA006E3FAE /* WordOfPaybackApp.swift in Sources */ = {isa = PBXBuildFile; fileRef = 2D1C34322B30C5AA006E3FAE /* WordOfPaybackApp.swift */; };
		2D1C34372B30C5AB006E3FAE /* Assets.xcassets in Resources */ = {isa = PBXBuildFile; fileRef = 2D1C34362B30C5AB006E3FAE /* Assets.xcassets */; };
		2D1C343A2B30C5AB006E3FAE /* Preview Assets.xcassets in Resources */ = {isa = PBXBuildFile; fileRef = 2D1C34392B30C5AB006E3FAE /* Preview Assets.xcassets */; };
		2DDFEA652B30D3F200BA75AE /* AppDelegate.swift in Sources */ = {isa = PBXBuildFile; fileRef = 2DDFEA642B30D3F200BA75AE /* AppDelegate.swift */; };
		2DDFEA6E2B31B2D800BA75AE /* ComposableArchitecture in Frameworks */ = {isa = PBXBuildFile; productRef = 2DDFEA6D2B31B2D800BA75AE /* ComposableArchitecture */; };
		2DDFEA712B31B32100BA75AE /* TCACoordinators in Frameworks */ = {isa = PBXBuildFile; productRef = 2DDFEA702B31B32100BA75AE /* TCACoordinators */; };
		2DDFEA752B31B3D700BA75AE /* WelcomeView.swift in Sources */ = {isa = PBXBuildFile; fileRef = 2DDFEA742B31B3D700BA75AE /* WelcomeView.swift */; };
		2DDFEA782B31D59B00BA75AE /* ScreenRoute.swift in Sources */ = {isa = PBXBuildFile; fileRef = 2DDFEA772B31D59B00BA75AE /* ScreenRoute.swift */; };
		2DDFEA7A2B31D65800BA75AE /* Coordinator.swift in Sources */ = {isa = PBXBuildFile; fileRef = 2DDFEA792B31D65800BA75AE /* Coordinator.swift */; };
		2DDFEA7C2B31D8E800BA75AE /* CoordinatorView.swift in Sources */ = {isa = PBXBuildFile; fileRef = 2DDFEA7B2B31D8E800BA75AE /* CoordinatorView.swift */; };
		2DDFEA7F2B31F2B800BA75AE /* TransactionsListView.swift in Sources */ = {isa = PBXBuildFile; fileRef = 2DDFEA7E2B31F2B800BA75AE /* TransactionsListView.swift */; };
		2DDFEA812B31F2E800BA75AE /* TransactionDetailsView.swift in Sources */ = {isa = PBXBuildFile; fileRef = 2DDFEA802B31F2E700BA75AE /* TransactionDetailsView.swift */; };
		2DDFEA862B31F36E00BA75AE /* TransactionModel.swift in Sources */ = {isa = PBXBuildFile; fileRef = 2DDFEA852B31F36E00BA75AE /* TransactionModel.swift */; };
		2DDFEA882B31F42D00BA75AE /* TransactionAlias.swift in Sources */ = {isa = PBXBuildFile; fileRef = 2DDFEA872B31F42D00BA75AE /* TransactionAlias.swift */; };
		2DDFEA8A2B31F46A00BA75AE /* TransactionDetail.swift in Sources */ = {isa = PBXBuildFile; fileRef = 2DDFEA892B31F46A00BA75AE /* TransactionDetail.swift */; };
		2DDFEA8C2B31F4C500BA75AE /* TransactionValue.swift in Sources */ = {isa = PBXBuildFile; fileRef = 2DDFEA8B2B31F4C500BA75AE /* TransactionValue.swift */; };
		2DDFEA8F2B31F52A00BA75AE /* Currency.swift in Sources */ = {isa = PBXBuildFile; fileRef = 2DDFEA8E2B31F52A00BA75AE /* Currency.swift */; };
		2DDFEA942B32227000BA75AE /* PrimaryButton.swift in Sources */ = {isa = PBXBuildFile; fileRef = 2DDFEA932B32227000BA75AE /* PrimaryButton.swift */; };
		2DDFEA972B33687200BA75AE /* ApiProvider.swift in Sources */ = {isa = PBXBuildFile; fileRef = 2DDFEA962B33687200BA75AE /* ApiProvider.swift */; };
		2DDFEA992B3368D900BA75AE /* RequestProtocol.swift in Sources */ = {isa = PBXBuildFile; fileRef = 2DDFEA982B3368D900BA75AE /* RequestProtocol.swift */; };
		2DDFEA9B2B3369B500BA75AE /* HTTPMethod.swift in Sources */ = {isa = PBXBuildFile; fileRef = 2DDFEA9A2B3369B500BA75AE /* HTTPMethod.swift */; };
		2DDFEA9D2B336A0600BA75AE /* ParametersEncoder.swift in Sources */ = {isa = PBXBuildFile; fileRef = 2DDFEA9C2B336A0600BA75AE /* ParametersEncoder.swift */; };
		2DDFEAA02B33724000BA75AE /* Encodable+Extension.swift in Sources */ = {isa = PBXBuildFile; fileRef = 2DDFEA9F2B33724000BA75AE /* Encodable+Extension.swift */; };
		2DDFEAA22B33856F00BA75AE /* HeadersRequestDecorator.swift in Sources */ = {isa = PBXBuildFile; fileRef = 2DDFEAA12B33856F00BA75AE /* HeadersRequestDecorator.swift */; };
/* End PBXBuildFile section */

/* Begin PBXFileReference section */
		2D1C342F2B30C5AA006E3FAE /* WorldOfPaybak Dev.app */ = {isa = PBXFileReference; explicitFileType = wrapper.application; includeInIndex = 0; path = "WorldOfPaybak Dev.app"; sourceTree = BUILT_PRODUCTS_DIR; };
		2D1C34322B30C5AA006E3FAE /* WordOfPaybackApp.swift */ = {isa = PBXFileReference; lastKnownFileType = sourcecode.swift; path = WordOfPaybackApp.swift; sourceTree = "<group>"; };
		2D1C34362B30C5AB006E3FAE /* Assets.xcassets */ = {isa = PBXFileReference; lastKnownFileType = folder.assetcatalog; path = Assets.xcassets; sourceTree = "<group>"; };
		2D1C34392B30C5AB006E3FAE /* Preview Assets.xcassets */ = {isa = PBXFileReference; lastKnownFileType = folder.assetcatalog; path = "Preview Assets.xcassets"; sourceTree = "<group>"; };
		2DDFEA642B30D3F200BA75AE /* AppDelegate.swift */ = {isa = PBXFileReference; lastKnownFileType = sourcecode.swift; path = AppDelegate.swift; sourceTree = "<group>"; };
		2DDFEA742B31B3D700BA75AE /* WelcomeView.swift */ = {isa = PBXFileReference; lastKnownFileType = sourcecode.swift; path = WelcomeView.swift; sourceTree = "<group>"; };
		2DDFEA772B31D59B00BA75AE /* ScreenRoute.swift */ = {isa = PBXFileReference; lastKnownFileType = sourcecode.swift; path = ScreenRoute.swift; sourceTree = "<group>"; };
		2DDFEA792B31D65800BA75AE /* Coordinator.swift */ = {isa = PBXFileReference; lastKnownFileType = sourcecode.swift; path = Coordinator.swift; sourceTree = "<group>"; };
		2DDFEA7B2B31D8E800BA75AE /* CoordinatorView.swift */ = {isa = PBXFileReference; lastKnownFileType = sourcecode.swift; path = CoordinatorView.swift; sourceTree = "<group>"; };
		2DDFEA7E2B31F2B800BA75AE /* TransactionsListView.swift */ = {isa = PBXFileReference; lastKnownFileType = sourcecode.swift; path = TransactionsListView.swift; sourceTree = "<group>"; };
		2DDFEA802B31F2E700BA75AE /* TransactionDetailsView.swift */ = {isa = PBXFileReference; lastKnownFileType = sourcecode.swift; path = TransactionDetailsView.swift; sourceTree = "<group>"; };
		2DDFEA852B31F36E00BA75AE /* TransactionModel.swift */ = {isa = PBXFileReference; lastKnownFileType = sourcecode.swift; path = TransactionModel.swift; sourceTree = "<group>"; };
		2DDFEA872B31F42D00BA75AE /* TransactionAlias.swift */ = {isa = PBXFileReference; lastKnownFileType = sourcecode.swift; path = TransactionAlias.swift; sourceTree = "<group>"; };
		2DDFEA892B31F46A00BA75AE /* TransactionDetail.swift */ = {isa = PBXFileReference; lastKnownFileType = sourcecode.swift; path = TransactionDetail.swift; sourceTree = "<group>"; };
		2DDFEA8B2B31F4C500BA75AE /* TransactionValue.swift */ = {isa = PBXFileReference; lastKnownFileType = sourcecode.swift; path = TransactionValue.swift; sourceTree = "<group>"; };
		2DDFEA8E2B31F52A00BA75AE /* Currency.swift */ = {isa = PBXFileReference; lastKnownFileType = sourcecode.swift; path = Currency.swift; sourceTree = "<group>"; };
		2DDFEA902B32176000BA75AE /* Info.plist */ = {isa = PBXFileReference; lastKnownFileType = text.plist; path = Info.plist; sourceTree = "<group>"; };
		2DDFEA932B32227000BA75AE /* PrimaryButton.swift */ = {isa = PBXFileReference; lastKnownFileType = sourcecode.swift; path = PrimaryButton.swift; sourceTree = "<group>"; };
		2DDFEA962B33687200BA75AE /* ApiProvider.swift */ = {isa = PBXFileReference; lastKnownFileType = sourcecode.swift; path = ApiProvider.swift; sourceTree = "<group>"; };
		2DDFEA982B3368D900BA75AE /* RequestProtocol.swift */ = {isa = PBXFileReference; lastKnownFileType = sourcecode.swift; path = RequestProtocol.swift; sourceTree = "<group>"; };
		2DDFEA9A2B3369B500BA75AE /* HTTPMethod.swift */ = {isa = PBXFileReference; lastKnownFileType = sourcecode.swift; path = HTTPMethod.swift; sourceTree = "<group>"; };
		2DDFEA9C2B336A0600BA75AE /* ParametersEncoder.swift */ = {isa = PBXFileReference; lastKnownFileType = sourcecode.swift; path = ParametersEncoder.swift; sourceTree = "<group>"; };
		2DDFEA9F2B33724000BA75AE /* Encodable+Extension.swift */ = {isa = PBXFileReference; lastKnownFileType = sourcecode.swift; path = "Encodable+Extension.swift"; sourceTree = "<group>"; };
		2DDFEAA12B33856F00BA75AE /* HeadersRequestDecorator.swift */ = {isa = PBXFileReference; lastKnownFileType = sourcecode.swift; path = HeadersRequestDecorator.swift; sourceTree = "<group>"; };
/* End PBXFileReference section */

/* Begin PBXFrameworksBuildPhase section */
		2D1C342C2B30C5AA006E3FAE /* Frameworks */ = {
			isa = PBXFrameworksBuildPhase;
			buildActionMask = 2147483647;
			files = (
				2DDFEA712B31B32100BA75AE /* TCACoordinators in Frameworks */,
				2DDFEA6E2B31B2D800BA75AE /* ComposableArchitecture in Frameworks */,
			);
			runOnlyForDeploymentPostprocessing = 0;
		};
/* End PBXFrameworksBuildPhase section */

/* Begin PBXGroup section */
		2D1C34262B30C5AA006E3FAE = {
			isa = PBXGroup;
			children = (
				2D1C34312B30C5AA006E3FAE /* WorldOfPayback */,
				2D1C34302B30C5AA006E3FAE /* Products */,
			);
			sourceTree = "<group>";
		};
		2D1C34302B30C5AA006E3FAE /* Products */ = {
			isa = PBXGroup;
			children = (
				2D1C342F2B30C5AA006E3FAE /* WorldOfPaybak Dev.app */,
			);
			name = Products;
			sourceTree = "<group>";
		};
		2D1C34312B30C5AA006E3FAE /* WorldOfPayback */ = {
			isa = PBXGroup;
			children = (
				2DDFEA722B31B39E00BA75AE /* Scenes */,
				2DDFEA662B31A7B700BA75AE /* Coordinator */,
				2DDFEA762B31D59000BA75AE /* ScreenRoute */,
				2DDFEA822B31F33F00BA75AE /* Models */,
				2DDFEA952B33672000BA75AE /* NetworkLayer */,
				2DDFEA9E2B33721500BA75AE /* Extensions */,
				2DDFEA912B32224F00BA75AE /* Common */,
				2D1C34322B30C5AA006E3FAE /* WordOfPaybackApp.swift */,
				2DDFEA642B30D3F200BA75AE /* AppDelegate.swift */,
				2D1C34362B30C5AB006E3FAE /* Assets.xcassets */,
				2DDFEA902B32176000BA75AE /* Info.plist */,
				2D1C34382B30C5AB006E3FAE /* Preview Content */,
			);
			path = WorldOfPayback;
			sourceTree = "<group>";
		};
		2D1C34382B30C5AB006E3FAE /* Preview Content */ = {
			isa = PBXGroup;
			children = (
				2D1C34392B30C5AB006E3FAE /* Preview Assets.xcassets */,
			);
			path = "Preview Content";
			sourceTree = "<group>";
		};
		2DDFEA662B31A7B700BA75AE /* Coordinator */ = {
			isa = PBXGroup;
			children = (
				2DDFEA792B31D65800BA75AE /* Coordinator.swift */,
				2DDFEA7B2B31D8E800BA75AE /* CoordinatorView.swift */,
			);
			path = Coordinator;
			sourceTree = "<group>";
		};
		2DDFEA722B31B39E00BA75AE /* Scenes */ = {
			isa = PBXGroup;
			children = (
				2DDFEA7D2B31F26100BA75AE /* Transactions */,
				2DDFEA732B31B3BF00BA75AE /* Welcome */,
			);
			path = Scenes;
			sourceTree = "<group>";
		};
		2DDFEA732B31B3BF00BA75AE /* Welcome */ = {
			isa = PBXGroup;
			children = (
				2DDFEA742B31B3D700BA75AE /* WelcomeView.swift */,
			);
			path = Welcome;
			sourceTree = "<group>";
		};
		2DDFEA762B31D59000BA75AE /* ScreenRoute */ = {
			isa = PBXGroup;
			children = (
				2DDFEA772B31D59B00BA75AE /* ScreenRoute.swift */,
			);
			path = ScreenRoute;
			sourceTree = "<group>";
		};
		2DDFEA7D2B31F26100BA75AE /* Transactions */ = {
			isa = PBXGroup;
			children = (
				2DDFEA7E2B31F2B800BA75AE /* TransactionsListView.swift */,
				2DDFEA802B31F2E700BA75AE /* TransactionDetailsView.swift */,
			);
			path = Transactions;
			sourceTree = "<group>";
		};
		2DDFEA822B31F33F00BA75AE /* Models */ = {
			isa = PBXGroup;
			children = (
				2DDFEA8D2B31F4EE00BA75AE /* Transaction */,
				2DDFEA8E2B31F52A00BA75AE /* Currency.swift */,
			);
			path = Models;
			sourceTree = "<group>";
		};
		2DDFEA8D2B31F4EE00BA75AE /* Transaction */ = {
			isa = PBXGroup;
			children = (
				2DDFEA852B31F36E00BA75AE /* TransactionModel.swift */,
				2DDFEA872B31F42D00BA75AE /* TransactionAlias.swift */,
				2DDFEA892B31F46A00BA75AE /* TransactionDetail.swift */,
				2DDFEA8B2B31F4C500BA75AE /* TransactionValue.swift */,
			);
			path = Transaction;
			sourceTree = "<group>";
		};
		2DDFEA912B32224F00BA75AE /* Common */ = {
			isa = PBXGroup;
			children = (
				2DDFEA922B32225B00BA75AE /* UIComponents */,
			);
			path = Common;
			sourceTree = "<group>";
		};
		2DDFEA922B32225B00BA75AE /* UIComponents */ = {
			isa = PBXGroup;
			children = (
				2DDFEA932B32227000BA75AE /* PrimaryButton.swift */,
			);
			path = UIComponents;
			sourceTree = "<group>";
		};
		2DDFEA952B33672000BA75AE /* NetworkLayer */ = {
			isa = PBXGroup;
			children = (
				2DDFEA962B33687200BA75AE /* ApiProvider.swift */,
				2DDFEA9C2B336A0600BA75AE /* ParametersEncoder.swift */,
				2DDFEA982B3368D900BA75AE /* RequestProtocol.swift */,
				2DDFEA9A2B3369B500BA75AE /* HTTPMethod.swift */,
				2DDFEAA12B33856F00BA75AE /* HeadersRequestDecorator.swift */,
			);
			path = NetworkLayer;
			sourceTree = "<group>";
		};
		2DDFEA9E2B33721500BA75AE /* Extensions */ = {
			isa = PBXGroup;
			children = (
				2DDFEA9F2B33724000BA75AE /* Encodable+Extension.swift */,
			);
			path = Extensions;
			sourceTree = "<group>";
		};
/* End PBXGroup section */

/* Begin PBXNativeTarget section */
		2D1C342E2B30C5AA006E3FAE /* WorldOfPayback */ = {
			isa = PBXNativeTarget;
			buildConfigurationList = 2D1C343D2B30C5AB006E3FAE /* Build configuration list for PBXNativeTarget "WorldOfPayback" */;
			buildPhases = (
				2D1C342B2B30C5AA006E3FAE /* Sources */,
				2D1C342C2B30C5AA006E3FAE /* Frameworks */,
				2D1C342D2B30C5AA006E3FAE /* Resources */,
				2DDFEA632B30C85100BA75AE /* ShellScript */,
			);
			buildRules = (
			);
			dependencies = (
			);
			name = WorldOfPayback;
			packageProductDependencies = (
				2DDFEA6D2B31B2D800BA75AE /* ComposableArchitecture */,
				2DDFEA702B31B32100BA75AE /* TCACoordinators */,
			);
			productName = wordofpayback;
			productReference = 2D1C342F2B30C5AA006E3FAE /* WorldOfPaybak Dev.app */;
			productType = "com.apple.product-type.application";
		};
/* End PBXNativeTarget section */

/* Begin PBXProject section */
		2D1C34272B30C5AA006E3FAE /* Project object */ = {
			isa = PBXProject;
			attributes = {
				BuildIndependentTargetsInParallel = 1;
				LastSwiftUpdateCheck = 1500;
				LastUpgradeCheck = 1500;
				TargetAttributes = {
					2D1C342E2B30C5AA006E3FAE = {
						CreatedOnToolsVersion = 15.0.1;
					};
				};
			};
			buildConfigurationList = 2D1C342A2B30C5AA006E3FAE /* Build configuration list for PBXProject "WorldOfPayback" */;
			compatibilityVersion = "Xcode 14.0";
			developmentRegion = en;
			hasScannedForEncodings = 0;
			knownRegions = (
				en,
				Base,
			);
			mainGroup = 2D1C34262B30C5AA006E3FAE;
			packageReferences = (
				2DDFEA6C2B31B2D800BA75AE /* XCRemoteSwiftPackageReference "swift-composable-architecture" */,
				2DDFEA6F2B31B32100BA75AE /* XCRemoteSwiftPackageReference "TCACoordinators" */,
			);
			productRefGroup = 2D1C34302B30C5AA006E3FAE /* Products */;
			projectDirPath = "";
			projectRoot = "";
			targets = (
				2D1C342E2B30C5AA006E3FAE /* WorldOfPayback */,
			);
		};
/* End PBXProject section */

/* Begin PBXResourcesBuildPhase section */
		2D1C342D2B30C5AA006E3FAE /* Resources */ = {
			isa = PBXResourcesBuildPhase;
			buildActionMask = 2147483647;
			files = (
				2D1C343A2B30C5AB006E3FAE /* Preview Assets.xcassets in Resources */,
				2D1C34372B30C5AB006E3FAE /* Assets.xcassets in Resources */,
			);
			runOnlyForDeploymentPostprocessing = 0;
		};
/* End PBXResourcesBuildPhase section */

/* Begin PBXShellScriptBuildPhase section */
		2DDFEA632B30C85100BA75AE /* ShellScript */ = {
			isa = PBXShellScriptBuildPhase;
			buildActionMask = 2147483647;
			files = (
			);
			inputFileListPaths = (
			);
			inputPaths = (
			);
			outputFileListPaths = (
			);
			outputPaths = (
			);
			runOnlyForDeploymentPostprocessing = 0;
			shellPath = /bin/sh;
			shellScript = "# Adds support for Apple Silicon brew directory\nexport PATH=\"$PATH:/opt/homebrew/bin\"\n\nif which swiftlint >/dev/null; then\n  swiftlint\nelse\n  echo \"warning: SwiftLint not installed, download from https://github.com/realm/SwiftLint\"\nfi\n";
		};
/* End PBXShellScriptBuildPhase section */

/* Begin PBXSourcesBuildPhase section */
		2D1C342B2B30C5AA006E3FAE /* Sources */ = {
			isa = PBXSourcesBuildPhase;
			buildActionMask = 2147483647;
			files = (
				2DDFEA8C2B31F4C500BA75AE /* TransactionValue.swift in Sources */,
				2DDFEA7A2B31D65800BA75AE /* Coordinator.swift in Sources */,
				2DDFEA9D2B336A0600BA75AE /* ParametersEncoder.swift in Sources */,
				2DDFEA7F2B31F2B800BA75AE /* TransactionsListView.swift in Sources */,
				2DDFEAA02B33724000BA75AE /* Encodable+Extension.swift in Sources */,
				2DDFEA7C2B31D8E800BA75AE /* CoordinatorView.swift in Sources */,
				2DDFEA942B32227000BA75AE /* PrimaryButton.swift in Sources */,
				2DDFEA652B30D3F200BA75AE /* AppDelegate.swift in Sources */,
				2DDFEA782B31D59B00BA75AE /* ScreenRoute.swift in Sources */,
				2DDFEA752B31B3D700BA75AE /* WelcomeView.swift in Sources */,
				2DDFEA8A2B31F46A00BA75AE /* TransactionDetail.swift in Sources */,
				2DDFEA8F2B31F52A00BA75AE /* Currency.swift in Sources */,
				2DDFEAA22B33856F00BA75AE /* HeadersRequestDecorator.swift in Sources */,
				2DDFEA812B31F2E800BA75AE /* TransactionDetailsView.swift in Sources */,
				2DDFEA992B3368D900BA75AE /* RequestProtocol.swift in Sources */,
				2DDFEA9B2B3369B500BA75AE /* HTTPMethod.swift in Sources */,
				2DDFEA882B31F42D00BA75AE /* TransactionAlias.swift in Sources */,
				2DDFEA972B33687200BA75AE /* ApiProvider.swift in Sources */,
				2D1C34332B30C5AA006E3FAE /* WordOfPaybackApp.swift in Sources */,
				2DDFEA862B31F36E00BA75AE /* TransactionModel.swift in Sources */,
			);
			runOnlyForDeploymentPostprocessing = 0;
		};
/* End PBXSourcesBuildPhase section */

/* Begin XCBuildConfiguration section */
		2D1C343B2B30C5AB006E3FAE /* Development */ = {
			isa = XCBuildConfiguration;
			buildSettings = {
				ALWAYS_SEARCH_USER_PATHS = NO;
				ASSETCATALOG_COMPILER_GENERATE_SWIFT_ASSET_SYMBOL_EXTENSIONS = YES;
				CLANG_ANALYZER_NONNULL = YES;
				CLANG_ANALYZER_NUMBER_OBJECT_CONVERSION = YES_AGGRESSIVE;
				CLANG_CXX_LANGUAGE_STANDARD = "gnu++20";
				CLANG_ENABLE_MODULES = YES;
				CLANG_ENABLE_OBJC_ARC = YES;
				CLANG_ENABLE_OBJC_WEAK = YES;
				CLANG_WARN_BLOCK_CAPTURE_AUTORELEASING = YES;
				CLANG_WARN_BOOL_CONVERSION = YES;
				CLANG_WARN_COMMA = YES;
				CLANG_WARN_CONSTANT_CONVERSION = YES;
				CLANG_WARN_DEPRECATED_OBJC_IMPLEMENTATIONS = YES;
				CLANG_WARN_DIRECT_OBJC_ISA_USAGE = YES_ERROR;
				CLANG_WARN_DOCUMENTATION_COMMENTS = YES;
				CLANG_WARN_EMPTY_BODY = YES;
				CLANG_WARN_ENUM_CONVERSION = YES;
				CLANG_WARN_INFINITE_RECURSION = YES;
				CLANG_WARN_INT_CONVERSION = YES;
				CLANG_WARN_NON_LITERAL_NULL_CONVERSION = YES;
				CLANG_WARN_OBJC_IMPLICIT_RETAIN_SELF = YES;
				CLANG_WARN_OBJC_LITERAL_CONVERSION = YES;
				CLANG_WARN_OBJC_ROOT_CLASS = YES_ERROR;
				CLANG_WARN_QUOTED_INCLUDE_IN_FRAMEWORK_HEADER = YES;
				CLANG_WARN_RANGE_LOOP_ANALYSIS = YES;
				CLANG_WARN_STRICT_PROTOTYPES = YES;
				CLANG_WARN_SUSPICIOUS_MOVE = YES;
				CLANG_WARN_UNGUARDED_AVAILABILITY = YES_AGGRESSIVE;
				CLANG_WARN_UNREACHABLE_CODE = YES;
				CLANG_WARN__DUPLICATE_METHOD_MATCH = YES;
				COPY_PHASE_STRIP = NO;
				DEBUG_INFORMATION_FORMAT = dwarf;
				ENABLE_STRICT_OBJC_MSGSEND = YES;
				ENABLE_TESTABILITY = YES;
				ENABLE_USER_SCRIPT_SANDBOXING = NO;
				GCC_C_LANGUAGE_STANDARD = gnu17;
				GCC_DYNAMIC_NO_PIC = NO;
				GCC_NO_COMMON_BLOCKS = YES;
				GCC_OPTIMIZATION_LEVEL = 0;
				GCC_PREPROCESSOR_DEFINITIONS = (
					"DEBUG=1",
					"$(inherited)",
				);
				GCC_WARN_64_TO_32_BIT_CONVERSION = YES;
				GCC_WARN_ABOUT_RETURN_TYPE = YES_ERROR;
				GCC_WARN_UNDECLARED_SELECTOR = YES;
				GCC_WARN_UNINITIALIZED_AUTOS = YES_AGGRESSIVE;
				GCC_WARN_UNUSED_FUNCTION = YES;
				GCC_WARN_UNUSED_VARIABLE = YES;
				IPHONEOS_DEPLOYMENT_TARGET = 17.0;
				LOCALIZATION_PREFERS_STRING_CATALOGS = YES;
				MTL_ENABLE_DEBUG_INFO = INCLUDE_SOURCE;
				MTL_FAST_MATH = YES;
				ONLY_ACTIVE_ARCH = YES;
				SDKROOT = iphoneos;
				SWIFT_ACTIVE_COMPILATION_CONDITIONS = "DEBUG $(inherited)";
				SWIFT_OPTIMIZATION_LEVEL = "-Onone";
			};
			name = Development;
		};
		2D1C343C2B30C5AB006E3FAE /* Production */ = {
			isa = XCBuildConfiguration;
			buildSettings = {
				ALWAYS_SEARCH_USER_PATHS = NO;
				ASSETCATALOG_COMPILER_GENERATE_SWIFT_ASSET_SYMBOL_EXTENSIONS = YES;
				CLANG_ANALYZER_NONNULL = YES;
				CLANG_ANALYZER_NUMBER_OBJECT_CONVERSION = YES_AGGRESSIVE;
				CLANG_CXX_LANGUAGE_STANDARD = "gnu++20";
				CLANG_ENABLE_MODULES = YES;
				CLANG_ENABLE_OBJC_ARC = YES;
				CLANG_ENABLE_OBJC_WEAK = YES;
				CLANG_WARN_BLOCK_CAPTURE_AUTORELEASING = YES;
				CLANG_WARN_BOOL_CONVERSION = YES;
				CLANG_WARN_COMMA = YES;
				CLANG_WARN_CONSTANT_CONVERSION = YES;
				CLANG_WARN_DEPRECATED_OBJC_IMPLEMENTATIONS = YES;
				CLANG_WARN_DIRECT_OBJC_ISA_USAGE = YES_ERROR;
				CLANG_WARN_DOCUMENTATION_COMMENTS = YES;
				CLANG_WARN_EMPTY_BODY = YES;
				CLANG_WARN_ENUM_CONVERSION = YES;
				CLANG_WARN_INFINITE_RECURSION = YES;
				CLANG_WARN_INT_CONVERSION = YES;
				CLANG_WARN_NON_LITERAL_NULL_CONVERSION = YES;
				CLANG_WARN_OBJC_IMPLICIT_RETAIN_SELF = YES;
				CLANG_WARN_OBJC_LITERAL_CONVERSION = YES;
				CLANG_WARN_OBJC_ROOT_CLASS = YES_ERROR;
				CLANG_WARN_QUOTED_INCLUDE_IN_FRAMEWORK_HEADER = YES;
				CLANG_WARN_RANGE_LOOP_ANALYSIS = YES;
				CLANG_WARN_STRICT_PROTOTYPES = YES;
				CLANG_WARN_SUSPICIOUS_MOVE = YES;
				CLANG_WARN_UNGUARDED_AVAILABILITY = YES_AGGRESSIVE;
				CLANG_WARN_UNREACHABLE_CODE = YES;
				CLANG_WARN__DUPLICATE_METHOD_MATCH = YES;
				COPY_PHASE_STRIP = NO;
				DEBUG_INFORMATION_FORMAT = "dwarf-with-dsym";
				ENABLE_NS_ASSERTIONS = NO;
				ENABLE_STRICT_OBJC_MSGSEND = YES;
				ENABLE_USER_SCRIPT_SANDBOXING = NO;
				GCC_C_LANGUAGE_STANDARD = gnu17;
				GCC_NO_COMMON_BLOCKS = YES;
				GCC_WARN_64_TO_32_BIT_CONVERSION = YES;
				GCC_WARN_ABOUT_RETURN_TYPE = YES_ERROR;
				GCC_WARN_UNDECLARED_SELECTOR = YES;
				GCC_WARN_UNINITIALIZED_AUTOS = YES_AGGRESSIVE;
				GCC_WARN_UNUSED_FUNCTION = YES;
				GCC_WARN_UNUSED_VARIABLE = YES;
				IPHONEOS_DEPLOYMENT_TARGET = 17.0;
				LOCALIZATION_PREFERS_STRING_CATALOGS = YES;
				MTL_ENABLE_DEBUG_INFO = NO;
				MTL_FAST_MATH = YES;
				SDKROOT = iphoneos;
				SWIFT_COMPILATION_MODE = wholemodule;
				VALIDATE_PRODUCT = YES;
			};
			name = Production;
		};
		2D1C343E2B30C5AB006E3FAE /* Development */ = {
			isa = XCBuildConfiguration;
			buildSettings = {
				ASSETCATALOG_COMPILER_APPICON_NAME = AppIcon;
				ASSETCATALOG_COMPILER_GLOBAL_ACCENT_COLOR_NAME = AccentColor;
				CODE_SIGN_IDENTITY = "Apple Development";
				CODE_SIGN_STYLE = Automatic;
				CURRENT_PROJECT_VERSION = 1;
				DEVELOPMENT_ASSET_PATHS = "\"WorldOfPayback/Preview Content\"";
				DEVELOPMENT_TEAM = 499939BRBP;
				ENABLE_PREVIEWS = YES;
				GENERATE_INFOPLIST_FILE = YES;
				INFOPLIST_FILE = WorldOfPayback/Info.plist;
				INFOPLIST_KEY_UIApplicationSceneManifest_Generation = YES;
				INFOPLIST_KEY_UIApplicationSupportsIndirectInputEvents = YES;
				INFOPLIST_KEY_UISupportedInterfaceOrientations_iPad = "UIInterfaceOrientationPortrait UIInterfaceOrientationPortraitUpsideDown UIInterfaceOrientationLandscapeLeft UIInterfaceOrientationLandscapeRight";
				INFOPLIST_KEY_UISupportedInterfaceOrientations_iPhone = "UIInterfaceOrientationPortrait UIInterfaceOrientationLandscapeLeft UIInterfaceOrientationLandscapeRight";
				LD_RUNPATH_SEARCH_PATHS = (
					"$(inherited)",
					"@executable_path/Frameworks",
				);
				MARKETING_VERSION = 1.0;
				PRODUCT_BUNDLE_IDENTIFIER = com.timurpersonal.worldofpayback;
				PRODUCT_NAME = "WorldOfPaybak Dev";
				PROVISIONING_PROFILE_SPECIFIER = "";
				SWIFT_EMIT_LOC_STRINGS = YES;
				SWIFT_VERSION = 5.0;
				TARGETED_DEVICE_FAMILY = "1,2";
			};
			name = Development;
		};
		2D1C343F2B30C5AB006E3FAE /* Production */ = {
			isa = XCBuildConfiguration;
			buildSettings = {
				ASSETCATALOG_COMPILER_APPICON_NAME = AppIcon;
				ASSETCATALOG_COMPILER_GLOBAL_ACCENT_COLOR_NAME = AccentColor;
				CODE_SIGN_IDENTITY = "Apple Development";
				CODE_SIGN_STYLE = Automatic;
				CURRENT_PROJECT_VERSION = 1;
				DEVELOPMENT_ASSET_PATHS = "\"WorldOfPayback/Preview Content\"";
				DEVELOPMENT_TEAM = 499939BRBP;
				ENABLE_PREVIEWS = YES;
				GENERATE_INFOPLIST_FILE = YES;
				INFOPLIST_FILE = WorldOfPayback/Info.plist;
				INFOPLIST_KEY_UIApplicationSceneManifest_Generation = YES;
				INFOPLIST_KEY_UIApplicationSupportsIndirectInputEvents = YES;
				INFOPLIST_KEY_UISupportedInterfaceOrientations_iPad = "UIInterfaceOrientationPortrait UIInterfaceOrientationPortraitUpsideDown UIInterfaceOrientationLandscapeLeft UIInterfaceOrientationLandscapeRight";
				INFOPLIST_KEY_UISupportedInterfaceOrientations_iPhone = "UIInterfaceOrientationPortrait UIInterfaceOrientationLandscapeLeft UIInterfaceOrientationLandscapeRight";
				LD_RUNPATH_SEARCH_PATHS = (
					"$(inherited)",
					"@executable_path/Frameworks",
				);
				MARKETING_VERSION = 1.0;
				PRODUCT_BUNDLE_IDENTIFIER = com.timurpersonal.worldofpayback;
				PRODUCT_NAME = "WorldOfPayback Production";
				PROVISIONING_PROFILE_SPECIFIER = "";
				SWIFT_EMIT_LOC_STRINGS = YES;
				SWIFT_VERSION = 5.0;
				TARGETED_DEVICE_FAMILY = "1,2";
			};
			name = Production;
		};
		2DDFEAA32B338E2400BA75AE /* Staging */ = {
			isa = XCBuildConfiguration;
			buildSettings = {
				ALWAYS_SEARCH_USER_PATHS = NO;
				ASSETCATALOG_COMPILER_GENERATE_SWIFT_ASSET_SYMBOL_EXTENSIONS = YES;
				CLANG_ANALYZER_NONNULL = YES;
				CLANG_ANALYZER_NUMBER_OBJECT_CONVERSION = YES_AGGRESSIVE;
				CLANG_CXX_LANGUAGE_STANDARD = "gnu++20";
				CLANG_ENABLE_MODULES = YES;
				CLANG_ENABLE_OBJC_ARC = YES;
				CLANG_ENABLE_OBJC_WEAK = YES;
				CLANG_WARN_BLOCK_CAPTURE_AUTORELEASING = YES;
				CLANG_WARN_BOOL_CONVERSION = YES;
				CLANG_WARN_COMMA = YES;
				CLANG_WARN_CONSTANT_CONVERSION = YES;
				CLANG_WARN_DEPRECATED_OBJC_IMPLEMENTATIONS = YES;
				CLANG_WARN_DIRECT_OBJC_ISA_USAGE = YES_ERROR;
				CLANG_WARN_DOCUMENTATION_COMMENTS = YES;
				CLANG_WARN_EMPTY_BODY = YES;
				CLANG_WARN_ENUM_CONVERSION = YES;
				CLANG_WARN_INFINITE_RECURSION = YES;
				CLANG_WARN_INT_CONVERSION = YES;
				CLANG_WARN_NON_LITERAL_NULL_CONVERSION = YES;
				CLANG_WARN_OBJC_IMPLICIT_RETAIN_SELF = YES;
				CLANG_WARN_OBJC_LITERAL_CONVERSION = YES;
				CLANG_WARN_OBJC_ROOT_CLASS = YES_ERROR;
				CLANG_WARN_QUOTED_INCLUDE_IN_FRAMEWORK_HEADER = YES;
				CLANG_WARN_RANGE_LOOP_ANALYSIS = YES;
				CLANG_WARN_STRICT_PROTOTYPES = YES;
				CLANG_WARN_SUSPICIOUS_MOVE = YES;
				CLANG_WARN_UNGUARDED_AVAILABILITY = YES_AGGRESSIVE;
				CLANG_WARN_UNREACHABLE_CODE = YES;
				CLANG_WARN__DUPLICATE_METHOD_MATCH = YES;
				COPY_PHASE_STRIP = NO;
				DEBUG_INFORMATION_FORMAT = dwarf;
				ENABLE_STRICT_OBJC_MSGSEND = YES;
				ENABLE_TESTABILITY = YES;
				ENABLE_USER_SCRIPT_SANDBOXING = NO;
				GCC_C_LANGUAGE_STANDARD = gnu17;
				GCC_DYNAMIC_NO_PIC = NO;
				GCC_NO_COMMON_BLOCKS = YES;
				GCC_OPTIMIZATION_LEVEL = 0;
				GCC_PREPROCESSOR_DEFINITIONS = (
					"DEBUG=1",
					"$(inherited)",
				);
				GCC_WARN_64_TO_32_BIT_CONVERSION = YES;
				GCC_WARN_ABOUT_RETURN_TYPE = YES_ERROR;
				GCC_WARN_UNDECLARED_SELECTOR = YES;
				GCC_WARN_UNINITIALIZED_AUTOS = YES_AGGRESSIVE;
				GCC_WARN_UNUSED_FUNCTION = YES;
				GCC_WARN_UNUSED_VARIABLE = YES;
				IPHONEOS_DEPLOYMENT_TARGET = 17.0;
				LOCALIZATION_PREFERS_STRING_CATALOGS = YES;
				MTL_ENABLE_DEBUG_INFO = INCLUDE_SOURCE;
				MTL_FAST_MATH = YES;
				ONLY_ACTIVE_ARCH = YES;
				SDKROOT = iphoneos;
				SWIFT_ACTIVE_COMPILATION_CONDITIONS = "DEBUG $(inherited)";
				SWIFT_OPTIMIZATION_LEVEL = "-Onone";
			};
			name = Staging;
		};
		2DDFEAA42B338E2400BA75AE /* Staging */ = {
			isa = XCBuildConfiguration;
			buildSettings = {
				ASSETCATALOG_COMPILER_APPICON_NAME = AppIcon;
				ASSETCATALOG_COMPILER_GLOBAL_ACCENT_COLOR_NAME = AccentColor;
				CODE_SIGN_IDENTITY = "Apple Development";
				CODE_SIGN_STYLE = Automatic;
				CURRENT_PROJECT_VERSION = 1;
				DEVELOPMENT_ASSET_PATHS = "\"WorldOfPayback/Preview Content\"";
				DEVELOPMENT_TEAM = 499939BRBP;
				ENABLE_PREVIEWS = YES;
				GENERATE_INFOPLIST_FILE = YES;
				INFOPLIST_FILE = WorldOfPayback/Info.plist;
				INFOPLIST_KEY_UIApplicationSceneManifest_Generation = YES;
				INFOPLIST_KEY_UIApplicationSupportsIndirectInputEvents = YES;
				INFOPLIST_KEY_UISupportedInterfaceOrientations_iPad = "UIInterfaceOrientationPortrait UIInterfaceOrientationPortraitUpsideDown UIInterfaceOrientationLandscapeLeft UIInterfaceOrientationLandscapeRight";
				INFOPLIST_KEY_UISupportedInterfaceOrientations_iPhone = "UIInterfaceOrientationPortrait UIInterfaceOrientationLandscapeLeft UIInterfaceOrientationLandscapeRight";
				LD_RUNPATH_SEARCH_PATHS = (
					"$(inherited)",
					"@executable_path/Frameworks",
				);
				MARKETING_VERSION = 1.0;
				PRODUCT_BUNDLE_IDENTIFIER = com.timurpersonal.worldofpayback;
				PRODUCT_NAME = "WorldOfPayback Staging";
				PROVISIONING_PROFILE_SPECIFIER = "";
				SWIFT_EMIT_LOC_STRINGS = YES;
				SWIFT_VERSION = 5.0;
				TARGETED_DEVICE_FAMILY = "1,2";
			};
			name = Staging;
		};
/* End XCBuildConfiguration section */

/* Begin XCConfigurationList section */
		2D1C342A2B30C5AA006E3FAE /* Build configuration list for PBXProject "WorldOfPayback" */ = {
			isa = XCConfigurationList;
			buildConfigurations = (
				2D1C343B2B30C5AB006E3FAE /* Development */,
				2DDFEAA32B338E2400BA75AE /* Staging */,
				2D1C343C2B30C5AB006E3FAE /* Production */,
			);
			defaultConfigurationIsVisible = 0;
			defaultConfigurationName = Production;
		};
		2D1C343D2B30C5AB006E3FAE /* Build configuration list for PBXNativeTarget "WorldOfPayback" */ = {
			isa = XCConfigurationList;
			buildConfigurations = (
				2D1C343E2B30C5AB006E3FAE /* Development */,
				2DDFEAA42B338E2400BA75AE /* Staging */,
				2D1C343F2B30C5AB006E3FAE /* Production */,
			);
			defaultConfigurationIsVisible = 0;
			defaultConfigurationName = Production;
		};
/* End XCConfigurationList section */

/* Begin XCRemoteSwiftPackageReference section */
		2DDFEA6C2B31B2D800BA75AE /* XCRemoteSwiftPackageReference "swift-composable-architecture" */ = {
			isa = XCRemoteSwiftPackageReference;
			repositoryURL = "https://github.com/pointfreeco/swift-composable-architecture";
			requirement = {
				kind = upToNextMajorVersion;
				minimumVersion = 1.5.5;
			};
		};
		2DDFEA6F2B31B32100BA75AE /* XCRemoteSwiftPackageReference "TCACoordinators" */ = {
			isa = XCRemoteSwiftPackageReference;
			repositoryURL = "https://github.com/johnpatrickmorgan/TCACoordinators.git";
			requirement = {
				kind = upToNextMajorVersion;
				minimumVersion = 0.8.0;
			};
		};
/* End XCRemoteSwiftPackageReference section */

/* Begin XCSwiftPackageProductDependency section */
		2DDFEA6D2B31B2D800BA75AE /* ComposableArchitecture */ = {
			isa = XCSwiftPackageProductDependency;
			package = 2DDFEA6C2B31B2D800BA75AE /* XCRemoteSwiftPackageReference "swift-composable-architecture" */;
			productName = ComposableArchitecture;
		};
		2DDFEA702B31B32100BA75AE /* TCACoordinators */ = {
			isa = XCSwiftPackageProductDependency;
			package = 2DDFEA6F2B31B32100BA75AE /* XCRemoteSwiftPackageReference "TCACoordinators" */;
			productName = TCACoordinators;
		};
/* End XCSwiftPackageProductDependency section */
	};
	rootObject = 2D1C34272B30C5AA006E3FAE /* Project object */;
}
