// !$*UTF8*$!
{
	archiveVersion = 1;
	classes = {
	};
	objectVersion = 60;
	objects = {

/* Begin PBXBuildFile section */
		2D1381FD2B3ACBC600C870BF /* AlertModelTests.swift in Sources */ = {isa = PBXBuildFile; fileRef = 2D1381FC2B3ACBC600C870BF /* AlertModelTests.swift */; };
		2D1382022B3ACFF400C870BF /* FilterTypeTests.swift in Sources */ = {isa = PBXBuildFile; fileRef = 2D1382012B3ACFF400C870BF /* FilterTypeTests.swift */; };
		2D1382042B3AD00300C870BF /* ErrorResponseTests.swift in Sources */ = {isa = PBXBuildFile; fileRef = 2D1382032B3AD00300C870BF /* ErrorResponseTests.swift */; };
		2D1382062B3AD01000C870BF /* ToolbarButtonTests.swift in Sources */ = {isa = PBXBuildFile; fileRef = 2D1382052B3AD01000C870BF /* ToolbarButtonTests.swift */; };
		2D1382082B3ADB8700C870BF /* CurrencyTests.swift in Sources */ = {isa = PBXBuildFile; fileRef = 2D1382072B3ADB8700C870BF /* CurrencyTests.swift */; };
		2D13820A2B3ADB9400C870BF /* TransactionModelTests.swift in Sources */ = {isa = PBXBuildFile; fileRef = 2D1382092B3ADB9400C870BF /* TransactionModelTests.swift */; };
		2D13820C2B3ADBB100C870BF /* TransactionAliasTests.swift in Sources */ = {isa = PBXBuildFile; fileRef = 2D13820B2B3ADBB100C870BF /* TransactionAliasTests.swift */; };
		2D13820E2B3ADBC300C870BF /* TransactionDetailTests.swift in Sources */ = {isa = PBXBuildFile; fileRef = 2D13820D2B3ADBC300C870BF /* TransactionDetailTests.swift */; };
		2D1382102B3ADBD200C870BF /* TransactionValueTests.swift in Sources */ = {isa = PBXBuildFile; fileRef = 2D13820F2B3ADBD200C870BF /* TransactionValueTests.swift */; };
		2D1382122B3ADBE900C870BF /* TransactionResponseTests.swift in Sources */ = {isa = PBXBuildFile; fileRef = 2D1382112B3ADBE900C870BF /* TransactionResponseTests.swift */; };
		2D1382152B3B00FB00C870BF /* HeadersRequestDecoratorTests.swift in Sources */ = {isa = PBXBuildFile; fileRef = 2D1382142B3B00FB00C870BF /* HeadersRequestDecoratorTests.swift */; };
		2D1382172B3B010500C870BF /* HTTPMethodTests.swift in Sources */ = {isa = PBXBuildFile; fileRef = 2D1382162B3B010500C870BF /* HTTPMethodTests.swift */; };
		2D13821A2B3B01EC00C870BF /* URLMock.swift in Sources */ = {isa = PBXBuildFile; fileRef = 2D1382192B3B01EC00C870BF /* URLMock.swift */; };
		2D13821D2B3B044100C870BF /* ApiProviderTests.swift in Sources */ = {isa = PBXBuildFile; fileRef = 2D13821C2B3B044100C870BF /* ApiProviderTests.swift */; };
		2D13821F2B3B04F100C870BF /* URLSessionMock.swift in Sources */ = {isa = PBXBuildFile; fileRef = 2D13821E2B3B04F100C870BF /* URLSessionMock.swift */; };
		2D1382212B3B05B200C870BF /* BuildConfigurationProtocolMock.swift in Sources */ = {isa = PBXBuildFile; fileRef = 2D1382202B3B05B200C870BF /* BuildConfigurationProtocolMock.swift */; };
		2D1382232B3B06B300C870BF /* HeadersRequestDecoratorProtocolMock.swift in Sources */ = {isa = PBXBuildFile; fileRef = 2D1382222B3B06B300C870BF /* HeadersRequestDecoratorProtocolMock.swift */; };
		2D1382252B3B0EE900C870BF /* TestRequestMock.swift in Sources */ = {isa = PBXBuildFile; fileRef = 2D1382242B3B0EE900C870BF /* TestRequestMock.swift */; };
		2D1382272B3B0F0800C870BF /* TestResponseMock.swift in Sources */ = {isa = PBXBuildFile; fileRef = 2D1382262B3B0F0800C870BF /* TestResponseMock.swift */; };
		2D1382292B3B0F5400C870BF /* TestErrorMock.swift in Sources */ = {isa = PBXBuildFile; fileRef = 2D1382282B3B0F5400C870BF /* TestErrorMock.swift */; };
		2D13822E2B3B198900C870BF /* BuildConfigurationTests.swift in Sources */ = {isa = PBXBuildFile; fileRef = 2D13822D2B3B198900C870BF /* BuildConfigurationTests.swift */; };
		2D1382302B3B1A1D00C870BF /* EnvironmentConfigurationTests.swift in Sources */ = {isa = PBXBuildFile; fileRef = 2D13822F2B3B1A1D00C870BF /* EnvironmentConfigurationTests.swift */; };
		2D1382332B3B20D900C870BF /* ApiServiceTests.swift in Sources */ = {isa = PBXBuildFile; fileRef = 2D1382322B3B20D900C870BF /* ApiServiceTests.swift */; };
		2D1382352B3B210600C870BF /* TransactionListRequestTests.swift in Sources */ = {isa = PBXBuildFile; fileRef = 2D1382342B3B210600C870BF /* TransactionListRequestTests.swift */; };
		2D1382392B3B211E00C870BF /* DummyTransactionListRequestTests.swift in Sources */ = {isa = PBXBuildFile; fileRef = 2D1382382B3B211E00C870BF /* DummyTransactionListRequestTests.swift */; };
		2D13823D2B3B4D0400C870BF /* FiltersStoreTests.swift in Sources */ = {isa = PBXBuildFile; fileRef = 2D13823C2B3B4D0400C870BF /* FiltersStoreTests.swift */; };
		2D13823F2B3B4E4B00C870BF /* MainToolbarStoreTests.swift in Sources */ = {isa = PBXBuildFile; fileRef = 2D13823E2B3B4E4B00C870BF /* MainToolbarStoreTests.swift */; };
		2D1382442B3B518300C870BF /* WelcomeStoreTests.swift in Sources */ = {isa = PBXBuildFile; fileRef = 2D1382432B3B518300C870BF /* WelcomeStoreTests.swift */; };
		2D1382462B3B527800C870BF /* TransactionDetailsStoreTests.swift in Sources */ = {isa = PBXBuildFile; fileRef = 2D1382452B3B527800C870BF /* TransactionDetailsStoreTests.swift */; };
		2D1382482B3B5AA900C870BF /* TransactionListStoreTests.swift in Sources */ = {isa = PBXBuildFile; fileRef = 2D1382472B3B5AA900C870BF /* TransactionListStoreTests.swift */; };
		2D1382522B3B792D00C870BF /* DependencyMock.swift in Sources */ = {isa = PBXBuildFile; fileRef = 2D1382512B3B792D00C870BF /* DependencyMock.swift */; };
		2D1382572B3B8EAE00C870BF /* ScreenRouteTests.swift in Sources */ = {isa = PBXBuildFile; fileRef = 2D1382562B3B8EAE00C870BF /* ScreenRouteTests.swift */; };
		2D13825A2B3B960B00C870BF /* CoordinatorTests.swift in Sources */ = {isa = PBXBuildFile; fileRef = 2D1382592B3B960B00C870BF /* CoordinatorTests.swift */; };
		2D1382792B3BC0F900C870BF /* WorldOfPaybackApp in Frameworks */ = {isa = PBXBuildFile; productRef = 2D1382782B3BC0F900C870BF /* WorldOfPaybackApp */; };
		2D1C34332B30C5AA006E3FAE /* WordOfPaybackApp.swift in Sources */ = {isa = PBXBuildFile; fileRef = 2D1C34322B30C5AA006E3FAE /* WordOfPaybackApp.swift */; };
		2D1C34372B30C5AB006E3FAE /* Assets.xcassets in Resources */ = {isa = PBXBuildFile; fileRef = 2D1C34362B30C5AB006E3FAE /* Assets.xcassets */; };
		2D1C343A2B30C5AB006E3FAE /* Preview Assets.xcassets in Resources */ = {isa = PBXBuildFile; fileRef = 2D1C34392B30C5AB006E3FAE /* Preview Assets.xcassets */; };
		2DDFEA652B30D3F200BA75AE /* AppDelegate.swift in Sources */ = {isa = PBXBuildFile; fileRef = 2DDFEA642B30D3F200BA75AE /* AppDelegate.swift */; };
		2DDFEAC12B34817000BA75AE /* PBTransactions.json in Resources */ = {isa = PBXBuildFile; fileRef = 2DDFEAC02B34816F00BA75AE /* PBTransactions.json */; };
/* End PBXBuildFile section */

/* Begin PBXContainerItemProxy section */
		2D1381F62B3AC87400C870BF /* PBXContainerItemProxy */ = {
			isa = PBXContainerItemProxy;
			containerPortal = 2D1C34272B30C5AA006E3FAE /* Project object */;
			proxyType = 1;
			remoteGlobalIDString = 2D1C342E2B30C5AA006E3FAE;
			remoteInfo = WorldOfPayback;
		};
/* End PBXContainerItemProxy section */

/* Begin PBXFileReference section */
		2D1381F22B3AC87400C870BF /* WorldOfPayback Tests.xctest */ = {isa = PBXFileReference; explicitFileType = wrapper.cfbundle; includeInIndex = 0; path = "WorldOfPayback Tests.xctest"; sourceTree = BUILT_PRODUCTS_DIR; };
		2D1381FC2B3ACBC600C870BF /* AlertModelTests.swift */ = {isa = PBXFileReference; lastKnownFileType = sourcecode.swift; path = AlertModelTests.swift; sourceTree = "<group>"; };
		2D1382012B3ACFF400C870BF /* FilterTypeTests.swift */ = {isa = PBXFileReference; lastKnownFileType = sourcecode.swift; path = FilterTypeTests.swift; sourceTree = "<group>"; };
		2D1382032B3AD00300C870BF /* ErrorResponseTests.swift */ = {isa = PBXFileReference; lastKnownFileType = sourcecode.swift; path = ErrorResponseTests.swift; sourceTree = "<group>"; };
		2D1382052B3AD01000C870BF /* ToolbarButtonTests.swift */ = {isa = PBXFileReference; lastKnownFileType = sourcecode.swift; path = ToolbarButtonTests.swift; sourceTree = "<group>"; };
		2D1382072B3ADB8700C870BF /* CurrencyTests.swift */ = {isa = PBXFileReference; lastKnownFileType = sourcecode.swift; path = CurrencyTests.swift; sourceTree = "<group>"; };
		2D1382092B3ADB9400C870BF /* TransactionModelTests.swift */ = {isa = PBXFileReference; lastKnownFileType = sourcecode.swift; path = TransactionModelTests.swift; sourceTree = "<group>"; };
		2D13820B2B3ADBB100C870BF /* TransactionAliasTests.swift */ = {isa = PBXFileReference; lastKnownFileType = sourcecode.swift; path = TransactionAliasTests.swift; sourceTree = "<group>"; };
		2D13820D2B3ADBC300C870BF /* TransactionDetailTests.swift */ = {isa = PBXFileReference; lastKnownFileType = sourcecode.swift; path = TransactionDetailTests.swift; sourceTree = "<group>"; };
		2D13820F2B3ADBD200C870BF /* TransactionValueTests.swift */ = {isa = PBXFileReference; lastKnownFileType = sourcecode.swift; path = TransactionValueTests.swift; sourceTree = "<group>"; };
		2D1382112B3ADBE900C870BF /* TransactionResponseTests.swift */ = {isa = PBXFileReference; lastKnownFileType = sourcecode.swift; path = TransactionResponseTests.swift; sourceTree = "<group>"; };
		2D1382142B3B00FB00C870BF /* HeadersRequestDecoratorTests.swift */ = {isa = PBXFileReference; lastKnownFileType = sourcecode.swift; path = HeadersRequestDecoratorTests.swift; sourceTree = "<group>"; };
		2D1382162B3B010500C870BF /* HTTPMethodTests.swift */ = {isa = PBXFileReference; lastKnownFileType = sourcecode.swift; path = HTTPMethodTests.swift; sourceTree = "<group>"; };
		2D1382192B3B01EC00C870BF /* URLMock.swift */ = {isa = PBXFileReference; lastKnownFileType = sourcecode.swift; path = URLMock.swift; sourceTree = "<group>"; };
		2D13821C2B3B044100C870BF /* ApiProviderTests.swift */ = {isa = PBXFileReference; lastKnownFileType = sourcecode.swift; path = ApiProviderTests.swift; sourceTree = "<group>"; };
		2D13821E2B3B04F100C870BF /* URLSessionMock.swift */ = {isa = PBXFileReference; lastKnownFileType = sourcecode.swift; path = URLSessionMock.swift; sourceTree = "<group>"; };
		2D1382202B3B05B200C870BF /* BuildConfigurationProtocolMock.swift */ = {isa = PBXFileReference; lastKnownFileType = sourcecode.swift; path = BuildConfigurationProtocolMock.swift; sourceTree = "<group>"; };
		2D1382222B3B06B300C870BF /* HeadersRequestDecoratorProtocolMock.swift */ = {isa = PBXFileReference; lastKnownFileType = sourcecode.swift; path = HeadersRequestDecoratorProtocolMock.swift; sourceTree = "<group>"; };
		2D1382242B3B0EE900C870BF /* TestRequestMock.swift */ = {isa = PBXFileReference; lastKnownFileType = sourcecode.swift; path = TestRequestMock.swift; sourceTree = "<group>"; };
		2D1382262B3B0F0800C870BF /* TestResponseMock.swift */ = {isa = PBXFileReference; lastKnownFileType = sourcecode.swift; path = TestResponseMock.swift; sourceTree = "<group>"; };
		2D1382282B3B0F5400C870BF /* TestErrorMock.swift */ = {isa = PBXFileReference; lastKnownFileType = sourcecode.swift; path = TestErrorMock.swift; sourceTree = "<group>"; };
		2D13822D2B3B198900C870BF /* BuildConfigurationTests.swift */ = {isa = PBXFileReference; lastKnownFileType = sourcecode.swift; path = BuildConfigurationTests.swift; sourceTree = "<group>"; };
		2D13822F2B3B1A1D00C870BF /* EnvironmentConfigurationTests.swift */ = {isa = PBXFileReference; lastKnownFileType = sourcecode.swift; path = EnvironmentConfigurationTests.swift; sourceTree = "<group>"; };
		2D1382322B3B20D900C870BF /* ApiServiceTests.swift */ = {isa = PBXFileReference; lastKnownFileType = sourcecode.swift; path = ApiServiceTests.swift; sourceTree = "<group>"; };
		2D1382342B3B210600C870BF /* TransactionListRequestTests.swift */ = {isa = PBXFileReference; lastKnownFileType = sourcecode.swift; path = TransactionListRequestTests.swift; sourceTree = "<group>"; };
		2D1382382B3B211E00C870BF /* DummyTransactionListRequestTests.swift */ = {isa = PBXFileReference; lastKnownFileType = sourcecode.swift; path = DummyTransactionListRequestTests.swift; sourceTree = "<group>"; };
		2D13823C2B3B4D0400C870BF /* FiltersStoreTests.swift */ = {isa = PBXFileReference; lastKnownFileType = sourcecode.swift; path = FiltersStoreTests.swift; sourceTree = "<group>"; };
		2D13823E2B3B4E4B00C870BF /* MainToolbarStoreTests.swift */ = {isa = PBXFileReference; lastKnownFileType = sourcecode.swift; path = MainToolbarStoreTests.swift; sourceTree = "<group>"; };
		2D1382432B3B518300C870BF /* WelcomeStoreTests.swift */ = {isa = PBXFileReference; lastKnownFileType = sourcecode.swift; path = WelcomeStoreTests.swift; sourceTree = "<group>"; };
		2D1382452B3B527800C870BF /* TransactionDetailsStoreTests.swift */ = {isa = PBXFileReference; lastKnownFileType = sourcecode.swift; path = TransactionDetailsStoreTests.swift; sourceTree = "<group>"; };
		2D1382472B3B5AA900C870BF /* TransactionListStoreTests.swift */ = {isa = PBXFileReference; lastKnownFileType = sourcecode.swift; path = TransactionListStoreTests.swift; sourceTree = "<group>"; };
		2D1382512B3B792D00C870BF /* DependencyMock.swift */ = {isa = PBXFileReference; lastKnownFileType = sourcecode.swift; path = DependencyMock.swift; sourceTree = "<group>"; };
		2D1382562B3B8EAE00C870BF /* ScreenRouteTests.swift */ = {isa = PBXFileReference; lastKnownFileType = sourcecode.swift; path = ScreenRouteTests.swift; sourceTree = "<group>"; };
		2D1382592B3B960B00C870BF /* CoordinatorTests.swift */ = {isa = PBXFileReference; lastKnownFileType = sourcecode.swift; path = CoordinatorTests.swift; sourceTree = "<group>"; };
		2D1C342F2B30C5AA006E3FAE /* WorldOfPayback Dev.app */ = {isa = PBXFileReference; explicitFileType = wrapper.application; includeInIndex = 0; path = "WorldOfPayback Dev.app"; sourceTree = BUILT_PRODUCTS_DIR; };
		2D1C34322B30C5AA006E3FAE /* WordOfPaybackApp.swift */ = {isa = PBXFileReference; lastKnownFileType = sourcecode.swift; path = WordOfPaybackApp.swift; sourceTree = "<group>"; };
		2D1C34362B30C5AB006E3FAE /* Assets.xcassets */ = {isa = PBXFileReference; lastKnownFileType = folder.assetcatalog; path = Assets.xcassets; sourceTree = "<group>"; };
		2D1C34392B30C5AB006E3FAE /* Preview Assets.xcassets */ = {isa = PBXFileReference; lastKnownFileType = folder.assetcatalog; path = "Preview Assets.xcassets"; sourceTree = "<group>"; };
		2DDFEA642B30D3F200BA75AE /* AppDelegate.swift */ = {isa = PBXFileReference; lastKnownFileType = sourcecode.swift; path = AppDelegate.swift; sourceTree = "<group>"; };
		2DDFEA902B32176000BA75AE /* Info.plist */ = {isa = PBXFileReference; lastKnownFileType = text.plist; path = Info.plist; sourceTree = "<group>"; };
		2DDFEAC02B34816F00BA75AE /* PBTransactions.json */ = {isa = PBXFileReference; fileEncoding = 4; lastKnownFileType = text.json; name = PBTransactions.json; path = ../../Downloads/PAYBACK_Coding_Challenge/PBTransactions.json; sourceTree = "<group>"; };
/* End PBXFileReference section */

/* Begin PBXFrameworksBuildPhase section */
		2D1381EF2B3AC87400C870BF /* Frameworks */ = {
			isa = PBXFrameworksBuildPhase;
			buildActionMask = 2147483647;
			files = (
			);
			runOnlyForDeploymentPostprocessing = 0;
		};
		2D1C342C2B30C5AA006E3FAE /* Frameworks */ = {
			isa = PBXFrameworksBuildPhase;
			buildActionMask = 2147483647;
			files = (
				2D1382792B3BC0F900C870BF /* WorldOfPaybackApp in Frameworks */,
			);
			runOnlyForDeploymentPostprocessing = 0;
		};
/* End PBXFrameworksBuildPhase section */

/* Begin PBXGroup section */
		2D1381F32B3AC87400C870BF /* WorldOfPayback Tests */ = {
			isa = PBXGroup;
			children = (
				2D1382582B3B95F400C870BF /* Coordinator */,
				2D1382182B3B01DE00C870BF /* Mock */,
				2D1382402B3B515700C870BF /* Screens */,
				2D1382552B3B8E9700C870BF /* ScreenRoute */,
				2D13822A2B3B195A00C870BF /* Services */,
				2D1382132B3B00EB00C870BF /* NetworkLayer */,
				2D1381FE2B3ACDF200C870BF /* Models */,
				2D13823A2B3B4CCF00C870BF /* Common */,
			);
			path = "WorldOfPayback Tests";
			sourceTree = "<group>";
		};
		2D1381FE2B3ACDF200C870BF /* Models */ = {
			isa = PBXGroup;
			children = (
				2D1382002B3ACE0000C870BF /* Transaction */,
				2D1381FF2B3ACDF800C870BF /* Common */,
			);
			path = Models;
			sourceTree = "<group>";
		};
		2D1381FF2B3ACDF800C870BF /* Common */ = {
			isa = PBXGroup;
			children = (
				2D1382032B3AD00300C870BF /* ErrorResponseTests.swift */,
				2D1381FC2B3ACBC600C870BF /* AlertModelTests.swift */,
				2D1382012B3ACFF400C870BF /* FilterTypeTests.swift */,
				2D1382052B3AD01000C870BF /* ToolbarButtonTests.swift */,
			);
			path = Common;
			sourceTree = "<group>";
		};
		2D1382002B3ACE0000C870BF /* Transaction */ = {
			isa = PBXGroup;
			children = (
				2D1382072B3ADB8700C870BF /* CurrencyTests.swift */,
				2D1382092B3ADB9400C870BF /* TransactionModelTests.swift */,
				2D13820B2B3ADBB100C870BF /* TransactionAliasTests.swift */,
				2D13820D2B3ADBC300C870BF /* TransactionDetailTests.swift */,
				2D13820F2B3ADBD200C870BF /* TransactionValueTests.swift */,
				2D1382112B3ADBE900C870BF /* TransactionResponseTests.swift */,
			);
			path = Transaction;
			sourceTree = "<group>";
		};
		2D1382132B3B00EB00C870BF /* NetworkLayer */ = {
			isa = PBXGroup;
			children = (
				2D13821C2B3B044100C870BF /* ApiProviderTests.swift */,
				2D1382162B3B010500C870BF /* HTTPMethodTests.swift */,
				2D1382142B3B00FB00C870BF /* HeadersRequestDecoratorTests.swift */,
			);
			path = NetworkLayer;
			sourceTree = "<group>";
		};
		2D1382182B3B01DE00C870BF /* Mock */ = {
			isa = PBXGroup;
			children = (
				2D1382502B3B791C00C870BF /* Dependency */,
				2D1382192B3B01EC00C870BF /* URLMock.swift */,
				2D13821E2B3B04F100C870BF /* URLSessionMock.swift */,
				2D1382202B3B05B200C870BF /* BuildConfigurationProtocolMock.swift */,
				2D1382222B3B06B300C870BF /* HeadersRequestDecoratorProtocolMock.swift */,
				2D1382242B3B0EE900C870BF /* TestRequestMock.swift */,
				2D1382262B3B0F0800C870BF /* TestResponseMock.swift */,
				2D1382282B3B0F5400C870BF /* TestErrorMock.swift */,
			);
			path = Mock;
			sourceTree = "<group>";
		};
		2D13822A2B3B195A00C870BF /* Services */ = {
			isa = PBXGroup;
			children = (
				2D13822B2B3B196600C870BF /* ApiService */,
				2D13822C2B3B196C00C870BF /* AppConfiguration */,
			);
			path = Services;
			sourceTree = "<group>";
		};
		2D13822B2B3B196600C870BF /* ApiService */ = {
			isa = PBXGroup;
			children = (
				2D1382322B3B20D900C870BF /* ApiServiceTests.swift */,
				2D1382312B3B20C400C870BF /* Requests */,
			);
			path = ApiService;
			sourceTree = "<group>";
		};
		2D13822C2B3B196C00C870BF /* AppConfiguration */ = {
			isa = PBXGroup;
			children = (
				2D13822D2B3B198900C870BF /* BuildConfigurationTests.swift */,
				2D13822F2B3B1A1D00C870BF /* EnvironmentConfigurationTests.swift */,
			);
			path = AppConfiguration;
			sourceTree = "<group>";
		};
		2D1382312B3B20C400C870BF /* Requests */ = {
			isa = PBXGroup;
			children = (
				2D1382342B3B210600C870BF /* TransactionListRequestTests.swift */,
				2D1382382B3B211E00C870BF /* DummyTransactionListRequestTests.swift */,
			);
			path = Requests;
			sourceTree = "<group>";
		};
		2D13823A2B3B4CCF00C870BF /* Common */ = {
			isa = PBXGroup;
			children = (
				2D13823B2B3B4CE500C870BF /* UIComponents */,
			);
			path = Common;
			sourceTree = "<group>";
		};
		2D13823B2B3B4CE500C870BF /* UIComponents */ = {
			isa = PBXGroup;
			children = (
				2D13823C2B3B4D0400C870BF /* FiltersStoreTests.swift */,
				2D13823E2B3B4E4B00C870BF /* MainToolbarStoreTests.swift */,
			);
			path = UIComponents;
			sourceTree = "<group>";
		};
		2D1382402B3B515700C870BF /* Screens */ = {
			isa = PBXGroup;
			children = (
				2D1382422B3B516D00C870BF /* Transactions */,
				2D1382412B3B516100C870BF /* Welcome */,
			);
			path = Screens;
			sourceTree = "<group>";
		};
		2D1382412B3B516100C870BF /* Welcome */ = {
			isa = PBXGroup;
			children = (
				2D1382432B3B518300C870BF /* WelcomeStoreTests.swift */,
			);
			path = Welcome;
			sourceTree = "<group>";
		};
		2D1382422B3B516D00C870BF /* Transactions */ = {
			isa = PBXGroup;
			children = (
				2D1382452B3B527800C870BF /* TransactionDetailsStoreTests.swift */,
				2D1382472B3B5AA900C870BF /* TransactionListStoreTests.swift */,
			);
			path = Transactions;
			sourceTree = "<group>";
		};
		2D1382502B3B791C00C870BF /* Dependency */ = {
			isa = PBXGroup;
			children = (
				2D1382512B3B792D00C870BF /* DependencyMock.swift */,
			);
			path = Dependency;
			sourceTree = "<group>";
		};
		2D1382552B3B8E9700C870BF /* ScreenRoute */ = {
			isa = PBXGroup;
			children = (
				2D1382562B3B8EAE00C870BF /* ScreenRouteTests.swift */,
			);
			path = ScreenRoute;
			sourceTree = "<group>";
		};
		2D1382582B3B95F400C870BF /* Coordinator */ = {
			isa = PBXGroup;
			children = (
				2D1382592B3B960B00C870BF /* CoordinatorTests.swift */,
			);
			path = Coordinator;
			sourceTree = "<group>";
		};
		2D1382622B3BB87100C870BF /* Frameworks */ = {
			isa = PBXGroup;
			children = (
			);
			name = Frameworks;
			sourceTree = "<group>";
		};
		2D1C34262B30C5AA006E3FAE = {
			isa = PBXGroup;
			children = (
				2D1C34312B30C5AA006E3FAE /* WorldOfPayback */,
				2D1381F32B3AC87400C870BF /* WorldOfPayback Tests */,
				2D1C34302B30C5AA006E3FAE /* Products */,
				2D1382622B3BB87100C870BF /* Frameworks */,
			);
			sourceTree = "<group>";
		};
		2D1C34302B30C5AA006E3FAE /* Products */ = {
			isa = PBXGroup;
			children = (
				2D1C342F2B30C5AA006E3FAE /* WorldOfPayback Dev.app */,
				2D1381F22B3AC87400C870BF /* WorldOfPayback Tests.xctest */,
			);
			name = Products;
			sourceTree = "<group>";
		};
		2D1C34312B30C5AA006E3FAE /* WorldOfPayback */ = {
			isa = PBXGroup;
			children = (
				2D1C34322B30C5AA006E3FAE /* WordOfPaybackApp.swift */,
				2DDFEA642B30D3F200BA75AE /* AppDelegate.swift */,
				2D1C34362B30C5AB006E3FAE /* Assets.xcassets */,
				2DDFEA902B32176000BA75AE /* Info.plist */,
				2DDFEAC02B34816F00BA75AE /* PBTransactions.json */,
				2D1C34382B30C5AB006E3FAE /* Preview Content */,
			);
			path = WorldOfPayback;
			sourceTree = "<group>";
		};
		2D1C34382B30C5AB006E3FAE /* Preview Content */ = {
			isa = PBXGroup;
			children = (
				2D1C34392B30C5AB006E3FAE /* Preview Assets.xcassets */,
			);
			path = "Preview Content";
			sourceTree = "<group>";
		};
/* End PBXGroup section */

/* Begin PBXNativeTarget section */
		2D1381F12B3AC87400C870BF /* WorldOfPayback Tests */ = {
			isa = PBXNativeTarget;
			buildConfigurationList = 2D1381F82B3AC87400C870BF /* Build configuration list for PBXNativeTarget "WorldOfPayback Tests" */;
			buildPhases = (
				2D1381EE2B3AC87400C870BF /* Sources */,
				2D1381EF2B3AC87400C870BF /* Frameworks */,
				2D1381F02B3AC87400C870BF /* Resources */,
			);
			buildRules = (
			);
			dependencies = (
				2D1381F72B3AC87400C870BF /* PBXTargetDependency */,
			);
			name = "WorldOfPayback Tests";
			productName = "WorldOfPayback Tests";
			productReference = 2D1381F22B3AC87400C870BF /* WorldOfPayback Tests.xctest */;
			productType = "com.apple.product-type.bundle.unit-test";
		};
		2D1C342E2B30C5AA006E3FAE /* WorldOfPayback */ = {
			isa = PBXNativeTarget;
			buildConfigurationList = 2D1C343D2B30C5AB006E3FAE /* Build configuration list for PBXNativeTarget "WorldOfPayback" */;
			buildPhases = (
				2D1C342B2B30C5AA006E3FAE /* Sources */,
				2D1C342C2B30C5AA006E3FAE /* Frameworks */,
				2D1C342D2B30C5AA006E3FAE /* Resources */,
				2DDFEA632B30C85100BA75AE /* ShellScript */,
			);
			buildRules = (
			);
			dependencies = (
			);
			name = WorldOfPayback;
			packageProductDependencies = (
				2D1382782B3BC0F900C870BF /* WorldOfPaybackApp */,
			);
			productName = wordofpayback;
			productReference = 2D1C342F2B30C5AA006E3FAE /* WorldOfPayback Dev.app */;
			productType = "com.apple.product-type.application";
		};
/* End PBXNativeTarget section */

/* Begin PBXProject section */
		2D1C34272B30C5AA006E3FAE /* Project object */ = {
			isa = PBXProject;
			attributes = {
				BuildIndependentTargetsInParallel = 1;
				LastSwiftUpdateCheck = 1500;
				LastUpgradeCheck = 1500;
				TargetAttributes = {
					2D1381F12B3AC87400C870BF = {
						CreatedOnToolsVersion = 15.0.1;
						TestTargetID = 2D1C342E2B30C5AA006E3FAE;
					};
					2D1C342E2B30C5AA006E3FAE = {
						CreatedOnToolsVersion = 15.0.1;
					};
				};
			};
			buildConfigurationList = 2D1C342A2B30C5AA006E3FAE /* Build configuration list for PBXProject "WorldOfPayback" */;
			compatibilityVersion = "Xcode 14.0";
			developmentRegion = en;
			hasScannedForEncodings = 0;
			knownRegions = (
				en,
				Base,
				pl,
				de,
			);
			mainGroup = 2D1C34262B30C5AA006E3FAE;
			packageReferences = (
				2D1382772B3BC0F900C870BF /* XCLocalSwiftPackageReference "AppPackages" */,
			);
			productRefGroup = 2D1C34302B30C5AA006E3FAE /* Products */;
			projectDirPath = "";
			projectRoot = "";
			targets = (
				2D1C342E2B30C5AA006E3FAE /* WorldOfPayback */,
				2D1381F12B3AC87400C870BF /* WorldOfPayback Tests */,
			);
		};
/* End PBXProject section */

/* Begin PBXResourcesBuildPhase section */
		2D1381F02B3AC87400C870BF /* Resources */ = {
			isa = PBXResourcesBuildPhase;
			buildActionMask = 2147483647;
			files = (
			);
			runOnlyForDeploymentPostprocessing = 0;
		};
		2D1C342D2B30C5AA006E3FAE /* Resources */ = {
			isa = PBXResourcesBuildPhase;
			buildActionMask = 2147483647;
			files = (
				2D1C343A2B30C5AB006E3FAE /* Preview Assets.xcassets in Resources */,
				2DDFEAC12B34817000BA75AE /* PBTransactions.json in Resources */,
				2D1C34372B30C5AB006E3FAE /* Assets.xcassets in Resources */,
			);
			runOnlyForDeploymentPostprocessing = 0;
		};
/* End PBXResourcesBuildPhase section */

/* Begin PBXShellScriptBuildPhase section */
		2DDFEA632B30C85100BA75AE /* ShellScript */ = {
			isa = PBXShellScriptBuildPhase;
			buildActionMask = 2147483647;
			files = (
			);
			inputFileListPaths = (
			);
			inputPaths = (
			);
			outputFileListPaths = (
			);
			outputPaths = (
			);
			runOnlyForDeploymentPostprocessing = 0;
			shellPath = /bin/sh;
			shellScript = "# Adds support for Apple Silicon brew directory\nexport PATH=\"$PATH:/opt/homebrew/bin\"\n\nif which swiftlint >/dev/null; then\n  swiftlint\nelse\n  echo \"warning: SwiftLint not installed, download from https://github.com/realm/SwiftLint\"\nfi\n";
		};
/* End PBXShellScriptBuildPhase section */

/* Begin PBXSourcesBuildPhase section */
		2D1381EE2B3AC87400C870BF /* Sources */ = {
			isa = PBXSourcesBuildPhase;
			buildActionMask = 2147483647;
			files = (
				2D13823F2B3B4E4B00C870BF /* MainToolbarStoreTests.swift in Sources */,
				2D13821F2B3B04F100C870BF /* URLSessionMock.swift in Sources */,
				2D13821A2B3B01EC00C870BF /* URLMock.swift in Sources */,
				2D1382292B3B0F5400C870BF /* TestErrorMock.swift in Sources */,
				2D1382172B3B010500C870BF /* HTTPMethodTests.swift in Sources */,
				2D1382102B3ADBD200C870BF /* TransactionValueTests.swift in Sources */,
				2D13820A2B3ADB9400C870BF /* TransactionModelTests.swift in Sources */,
				2D1382352B3B210600C870BF /* TransactionListRequestTests.swift in Sources */,
				2D1382482B3B5AA900C870BF /* TransactionListStoreTests.swift in Sources */,
				2D1382252B3B0EE900C870BF /* TestRequestMock.swift in Sources */,
				2D1381FD2B3ACBC600C870BF /* AlertModelTests.swift in Sources */,
				2D1382302B3B1A1D00C870BF /* EnvironmentConfigurationTests.swift in Sources */,
				2D13822E2B3B198900C870BF /* BuildConfigurationTests.swift in Sources */,
				2D1382522B3B792D00C870BF /* DependencyMock.swift in Sources */,
				2D13825A2B3B960B00C870BF /* CoordinatorTests.swift in Sources */,
				2D13820C2B3ADBB100C870BF /* TransactionAliasTests.swift in Sources */,
				2D1382082B3ADB8700C870BF /* CurrencyTests.swift in Sources */,
				2D1382442B3B518300C870BF /* WelcomeStoreTests.swift in Sources */,
				2D1382462B3B527800C870BF /* TransactionDetailsStoreTests.swift in Sources */,
				2D1382392B3B211E00C870BF /* DummyTransactionListRequestTests.swift in Sources */,
				2D1382572B3B8EAE00C870BF /* ScreenRouteTests.swift in Sources */,
				2D1382022B3ACFF400C870BF /* FilterTypeTests.swift in Sources */,
				2D1382332B3B20D900C870BF /* ApiServiceTests.swift in Sources */,
				2D1382232B3B06B300C870BF /* HeadersRequestDecoratorProtocolMock.swift in Sources */,
				2D1382212B3B05B200C870BF /* BuildConfigurationProtocolMock.swift in Sources */,
				2D1382042B3AD00300C870BF /* ErrorResponseTests.swift in Sources */,
				2D13821D2B3B044100C870BF /* ApiProviderTests.swift in Sources */,
				2D1382062B3AD01000C870BF /* ToolbarButtonTests.swift in Sources */,
				2D1382152B3B00FB00C870BF /* HeadersRequestDecoratorTests.swift in Sources */,
				2D13820E2B3ADBC300C870BF /* TransactionDetailTests.swift in Sources */,
				2D1382272B3B0F0800C870BF /* TestResponseMock.swift in Sources */,
				2D13823D2B3B4D0400C870BF /* FiltersStoreTests.swift in Sources */,
				2D1382122B3ADBE900C870BF /* TransactionResponseTests.swift in Sources */,
			);
			runOnlyForDeploymentPostprocessing = 0;
		};
		2D1C342B2B30C5AA006E3FAE /* Sources */ = {
			isa = PBXSourcesBuildPhase;
			buildActionMask = 2147483647;
			files = (
				2DDFEA652B30D3F200BA75AE /* AppDelegate.swift in Sources */,
				2D1C34332B30C5AA006E3FAE /* WordOfPaybackApp.swift in Sources */,
			);
			runOnlyForDeploymentPostprocessing = 0;
		};
/* End PBXSourcesBuildPhase section */

/* Begin PBXTargetDependency section */
		2D1381F72B3AC87400C870BF /* PBXTargetDependency */ = {
			isa = PBXTargetDependency;
			target = 2D1C342E2B30C5AA006E3FAE /* WorldOfPayback */;
			targetProxy = 2D1381F62B3AC87400C870BF /* PBXContainerItemProxy */;
		};
/* End PBXTargetDependency section */

/* Begin XCBuildConfiguration section */
		2D1381F92B3AC87400C870BF /* Development */ = {
			isa = XCBuildConfiguration;
			buildSettings = {
				ALWAYS_SEARCH_USER_PATHS = NO;
				ASSETCATALOG_COMPILER_GENERATE_SWIFT_ASSET_SYMBOL_EXTENSIONS = YES;
				BUNDLE_LOADER = "$(TEST_HOST)";
				CLANG_ANALYZER_NONNULL = YES;
				CLANG_ANALYZER_NUMBER_OBJECT_CONVERSION = YES_AGGRESSIVE;
				CLANG_CXX_LANGUAGE_STANDARD = "gnu++20";
				CLANG_ENABLE_MODULES = YES;
				CLANG_ENABLE_OBJC_ARC = YES;
				CLANG_ENABLE_OBJC_WEAK = YES;
				CLANG_WARN_BLOCK_CAPTURE_AUTORELEASING = YES;
				CLANG_WARN_BOOL_CONVERSION = YES;
				CLANG_WARN_COMMA = YES;
				CLANG_WARN_CONSTANT_CONVERSION = YES;
				CLANG_WARN_DEPRECATED_OBJC_IMPLEMENTATIONS = YES;
				CLANG_WARN_DIRECT_OBJC_ISA_USAGE = YES_ERROR;
				CLANG_WARN_DOCUMENTATION_COMMENTS = YES;
				CLANG_WARN_EMPTY_BODY = YES;
				CLANG_WARN_ENUM_CONVERSION = YES;
				CLANG_WARN_INFINITE_RECURSION = YES;
				CLANG_WARN_INT_CONVERSION = YES;
				CLANG_WARN_NON_LITERAL_NULL_CONVERSION = YES;
				CLANG_WARN_OBJC_IMPLICIT_RETAIN_SELF = YES;
				CLANG_WARN_OBJC_LITERAL_CONVERSION = YES;
				CLANG_WARN_OBJC_ROOT_CLASS = YES_ERROR;
				CLANG_WARN_QUOTED_INCLUDE_IN_FRAMEWORK_HEADER = YES;
				CLANG_WARN_RANGE_LOOP_ANALYSIS = YES;
				CLANG_WARN_STRICT_PROTOTYPES = YES;
				CLANG_WARN_SUSPICIOUS_MOVE = YES;
				CLANG_WARN_UNGUARDED_AVAILABILITY = YES_AGGRESSIVE;
				CLANG_WARN_UNREACHABLE_CODE = YES;
				CLANG_WARN__DUPLICATE_METHOD_MATCH = YES;
				CODE_SIGN_STYLE = Automatic;
				COPY_PHASE_STRIP = NO;
				CURRENT_PROJECT_VERSION = 1;
				DEBUG_INFORMATION_FORMAT = dwarf;
				DEVELOPMENT_TEAM = Z93R88ZHNF;
				ENABLE_STRICT_OBJC_MSGSEND = YES;
				ENABLE_TESTABILITY = YES;
				ENABLE_USER_SCRIPT_SANDBOXING = YES;
				GCC_C_LANGUAGE_STANDARD = gnu17;
				GCC_DYNAMIC_NO_PIC = NO;
				GCC_NO_COMMON_BLOCKS = YES;
				GCC_OPTIMIZATION_LEVEL = 0;
				GCC_PREPROCESSOR_DEFINITIONS = (
					"DEBUG=1",
					"$(inherited)",
				);
				GCC_WARN_64_TO_32_BIT_CONVERSION = YES;
				GCC_WARN_ABOUT_RETURN_TYPE = YES_ERROR;
				GCC_WARN_UNDECLARED_SELECTOR = YES;
				GCC_WARN_UNINITIALIZED_AUTOS = YES_AGGRESSIVE;
				GCC_WARN_UNUSED_FUNCTION = YES;
				GCC_WARN_UNUSED_VARIABLE = YES;
				GENERATE_INFOPLIST_FILE = YES;
				IPHONEOS_DEPLOYMENT_TARGET = 17.0;
				LOCALIZATION_PREFERS_STRING_CATALOGS = YES;
				MARKETING_VERSION = 1.0;
				MTL_ENABLE_DEBUG_INFO = INCLUDE_SOURCE;
				MTL_FAST_MATH = YES;
				ONLY_ACTIVE_ARCH = YES;
				PRODUCT_BUNDLE_IDENTIFIER = "com.timurpersonal.WorldOfPayback-Tests";
				PRODUCT_NAME = "$(TARGET_NAME)";
				SDKROOT = iphoneos;
				SWIFT_ACTIVE_COMPILATION_CONDITIONS = "DEBUG $(inherited)";
				SWIFT_EMIT_LOC_STRINGS = NO;
				SWIFT_OPTIMIZATION_LEVEL = "-Onone";
				SWIFT_VERSION = 5.0;
				TARGETED_DEVICE_FAMILY = "1,2";
				TEST_HOST = "$(BUILT_PRODUCTS_DIR)/WorldOfPayback Dev.app/$(BUNDLE_EXECUTABLE_FOLDER_PATH)/WorldOfPayback Dev";
			};
			name = Development;
		};
		2D1381FA2B3AC87400C870BF /* Staging */ = {
			isa = XCBuildConfiguration;
			buildSettings = {
				ALWAYS_SEARCH_USER_PATHS = NO;
				ASSETCATALOG_COMPILER_GENERATE_SWIFT_ASSET_SYMBOL_EXTENSIONS = YES;
				BUNDLE_LOADER = "$(TEST_HOST)";
				CLANG_ANALYZER_NONNULL = YES;
				CLANG_ANALYZER_NUMBER_OBJECT_CONVERSION = YES_AGGRESSIVE;
				CLANG_CXX_LANGUAGE_STANDARD = "gnu++20";
				CLANG_ENABLE_MODULES = YES;
				CLANG_ENABLE_OBJC_ARC = YES;
				CLANG_ENABLE_OBJC_WEAK = YES;
				CLANG_WARN_BLOCK_CAPTURE_AUTORELEASING = YES;
				CLANG_WARN_BOOL_CONVERSION = YES;
				CLANG_WARN_COMMA = YES;
				CLANG_WARN_CONSTANT_CONVERSION = YES;
				CLANG_WARN_DEPRECATED_OBJC_IMPLEMENTATIONS = YES;
				CLANG_WARN_DIRECT_OBJC_ISA_USAGE = YES_ERROR;
				CLANG_WARN_DOCUMENTATION_COMMENTS = YES;
				CLANG_WARN_EMPTY_BODY = YES;
				CLANG_WARN_ENUM_CONVERSION = YES;
				CLANG_WARN_INFINITE_RECURSION = YES;
				CLANG_WARN_INT_CONVERSION = YES;
				CLANG_WARN_NON_LITERAL_NULL_CONVERSION = YES;
				CLANG_WARN_OBJC_IMPLICIT_RETAIN_SELF = YES;
				CLANG_WARN_OBJC_LITERAL_CONVERSION = YES;
				CLANG_WARN_OBJC_ROOT_CLASS = YES_ERROR;
				CLANG_WARN_QUOTED_INCLUDE_IN_FRAMEWORK_HEADER = YES;
				CLANG_WARN_RANGE_LOOP_ANALYSIS = YES;
				CLANG_WARN_STRICT_PROTOTYPES = YES;
				CLANG_WARN_SUSPICIOUS_MOVE = YES;
				CLANG_WARN_UNGUARDED_AVAILABILITY = YES_AGGRESSIVE;
				CLANG_WARN_UNREACHABLE_CODE = YES;
				CLANG_WARN__DUPLICATE_METHOD_MATCH = YES;
				CODE_SIGN_STYLE = Automatic;
				COPY_PHASE_STRIP = NO;
				CURRENT_PROJECT_VERSION = 1;
				DEBUG_INFORMATION_FORMAT = "dwarf-with-dsym";
				DEVELOPMENT_TEAM = Z93R88ZHNF;
				ENABLE_NS_ASSERTIONS = NO;
				ENABLE_STRICT_OBJC_MSGSEND = YES;
				ENABLE_USER_SCRIPT_SANDBOXING = YES;
				GCC_C_LANGUAGE_STANDARD = gnu17;
				GCC_NO_COMMON_BLOCKS = YES;
				GCC_WARN_64_TO_32_BIT_CONVERSION = YES;
				GCC_WARN_ABOUT_RETURN_TYPE = YES_ERROR;
				GCC_WARN_UNDECLARED_SELECTOR = YES;
				GCC_WARN_UNINITIALIZED_AUTOS = YES_AGGRESSIVE;
				GCC_WARN_UNUSED_FUNCTION = YES;
				GCC_WARN_UNUSED_VARIABLE = YES;
				GENERATE_INFOPLIST_FILE = YES;
				IPHONEOS_DEPLOYMENT_TARGET = 17.0;
				LOCALIZATION_PREFERS_STRING_CATALOGS = YES;
				MARKETING_VERSION = 1.0;
				MTL_ENABLE_DEBUG_INFO = NO;
				MTL_FAST_MATH = YES;
				PRODUCT_BUNDLE_IDENTIFIER = "com.timurpersonal.WorldOfPayback-Tests";
				PRODUCT_NAME = "$(TARGET_NAME)";
				SDKROOT = iphoneos;
				SWIFT_COMPILATION_MODE = wholemodule;
				SWIFT_EMIT_LOC_STRINGS = NO;
				SWIFT_VERSION = 5.0;
				TARGETED_DEVICE_FAMILY = "1,2";
				TEST_HOST = "$(BUILT_PRODUCTS_DIR)/WorldOfPayback Dev.app/$(BUNDLE_EXECUTABLE_FOLDER_PATH)/WorldOfPayback Dev";
				VALIDATE_PRODUCT = YES;
			};
			name = Staging;
		};
		2D1381FB2B3AC87400C870BF /* Production */ = {
			isa = XCBuildConfiguration;
			buildSettings = {
				ALWAYS_SEARCH_USER_PATHS = NO;
				ASSETCATALOG_COMPILER_GENERATE_SWIFT_ASSET_SYMBOL_EXTENSIONS = YES;
				BUNDLE_LOADER = "$(TEST_HOST)";
				CLANG_ANALYZER_NONNULL = YES;
				CLANG_ANALYZER_NUMBER_OBJECT_CONVERSION = YES_AGGRESSIVE;
				CLANG_CXX_LANGUAGE_STANDARD = "gnu++20";
				CLANG_ENABLE_MODULES = YES;
				CLANG_ENABLE_OBJC_ARC = YES;
				CLANG_ENABLE_OBJC_WEAK = YES;
				CLANG_WARN_BLOCK_CAPTURE_AUTORELEASING = YES;
				CLANG_WARN_BOOL_CONVERSION = YES;
				CLANG_WARN_COMMA = YES;
				CLANG_WARN_CONSTANT_CONVERSION = YES;
				CLANG_WARN_DEPRECATED_OBJC_IMPLEMENTATIONS = YES;
				CLANG_WARN_DIRECT_OBJC_ISA_USAGE = YES_ERROR;
				CLANG_WARN_DOCUMENTATION_COMMENTS = YES;
				CLANG_WARN_EMPTY_BODY = YES;
				CLANG_WARN_ENUM_CONVERSION = YES;
				CLANG_WARN_INFINITE_RECURSION = YES;
				CLANG_WARN_INT_CONVERSION = YES;
				CLANG_WARN_NON_LITERAL_NULL_CONVERSION = YES;
				CLANG_WARN_OBJC_IMPLICIT_RETAIN_SELF = YES;
				CLANG_WARN_OBJC_LITERAL_CONVERSION = YES;
				CLANG_WARN_OBJC_ROOT_CLASS = YES_ERROR;
				CLANG_WARN_QUOTED_INCLUDE_IN_FRAMEWORK_HEADER = YES;
				CLANG_WARN_RANGE_LOOP_ANALYSIS = YES;
				CLANG_WARN_STRICT_PROTOTYPES = YES;
				CLANG_WARN_SUSPICIOUS_MOVE = YES;
				CLANG_WARN_UNGUARDED_AVAILABILITY = YES_AGGRESSIVE;
				CLANG_WARN_UNREACHABLE_CODE = YES;
				CLANG_WARN__DUPLICATE_METHOD_MATCH = YES;
				CODE_SIGN_STYLE = Automatic;
				COPY_PHASE_STRIP = NO;
				CURRENT_PROJECT_VERSION = 1;
				DEBUG_INFORMATION_FORMAT = "dwarf-with-dsym";
				DEVELOPMENT_TEAM = Z93R88ZHNF;
				ENABLE_NS_ASSERTIONS = NO;
				ENABLE_STRICT_OBJC_MSGSEND = YES;
				ENABLE_USER_SCRIPT_SANDBOXING = YES;
				GCC_C_LANGUAGE_STANDARD = gnu17;
				GCC_NO_COMMON_BLOCKS = YES;
				GCC_WARN_64_TO_32_BIT_CONVERSION = YES;
				GCC_WARN_ABOUT_RETURN_TYPE = YES_ERROR;
				GCC_WARN_UNDECLARED_SELECTOR = YES;
				GCC_WARN_UNINITIALIZED_AUTOS = YES_AGGRESSIVE;
				GCC_WARN_UNUSED_FUNCTION = YES;
				GCC_WARN_UNUSED_VARIABLE = YES;
				GENERATE_INFOPLIST_FILE = YES;
				IPHONEOS_DEPLOYMENT_TARGET = 17.0;
				LOCALIZATION_PREFERS_STRING_CATALOGS = YES;
				MARKETING_VERSION = 1.0;
				MTL_ENABLE_DEBUG_INFO = NO;
				MTL_FAST_MATH = YES;
				PRODUCT_BUNDLE_IDENTIFIER = "com.timurpersonal.WorldOfPayback-Tests";
				PRODUCT_NAME = "$(TARGET_NAME)";
				SDKROOT = iphoneos;
				SWIFT_COMPILATION_MODE = wholemodule;
				SWIFT_EMIT_LOC_STRINGS = NO;
				SWIFT_VERSION = 5.0;
				TARGETED_DEVICE_FAMILY = "1,2";
				TEST_HOST = "$(BUILT_PRODUCTS_DIR)/WorldOfPayback Dev.app/$(BUNDLE_EXECUTABLE_FOLDER_PATH)/WorldOfPayback Dev";
				VALIDATE_PRODUCT = YES;
			};
			name = Production;
		};
		2D1C343B2B30C5AB006E3FAE /* Development */ = {
			isa = XCBuildConfiguration;
			buildSettings = {
				ALWAYS_SEARCH_USER_PATHS = NO;
				ASSETCATALOG_COMPILER_GENERATE_SWIFT_ASSET_SYMBOL_EXTENSIONS = YES;
				CLANG_ANALYZER_LOCALIZABILITY_NONLOCALIZED = YES;
				CLANG_ANALYZER_NONNULL = YES;
				CLANG_ANALYZER_NUMBER_OBJECT_CONVERSION = YES_AGGRESSIVE;
				CLANG_CXX_LANGUAGE_STANDARD = "gnu++20";
				CLANG_ENABLE_MODULES = YES;
				CLANG_ENABLE_OBJC_ARC = YES;
				CLANG_ENABLE_OBJC_WEAK = YES;
				CLANG_WARN_BLOCK_CAPTURE_AUTORELEASING = YES;
				CLANG_WARN_BOOL_CONVERSION = YES;
				CLANG_WARN_COMMA = YES;
				CLANG_WARN_CONSTANT_CONVERSION = YES;
				CLANG_WARN_DEPRECATED_OBJC_IMPLEMENTATIONS = YES;
				CLANG_WARN_DIRECT_OBJC_ISA_USAGE = YES_ERROR;
				CLANG_WARN_DOCUMENTATION_COMMENTS = YES;
				CLANG_WARN_EMPTY_BODY = YES;
				CLANG_WARN_ENUM_CONVERSION = YES;
				CLANG_WARN_INFINITE_RECURSION = YES;
				CLANG_WARN_INT_CONVERSION = YES;
				CLANG_WARN_NON_LITERAL_NULL_CONVERSION = YES;
				CLANG_WARN_OBJC_IMPLICIT_RETAIN_SELF = YES;
				CLANG_WARN_OBJC_LITERAL_CONVERSION = YES;
				CLANG_WARN_OBJC_ROOT_CLASS = YES_ERROR;
				CLANG_WARN_QUOTED_INCLUDE_IN_FRAMEWORK_HEADER = YES;
				CLANG_WARN_RANGE_LOOP_ANALYSIS = YES;
				CLANG_WARN_STRICT_PROTOTYPES = YES;
				CLANG_WARN_SUSPICIOUS_MOVE = YES;
				CLANG_WARN_UNGUARDED_AVAILABILITY = YES_AGGRESSIVE;
				CLANG_WARN_UNREACHABLE_CODE = YES;
				CLANG_WARN__DUPLICATE_METHOD_MATCH = YES;
				COPY_PHASE_STRIP = NO;
				DEBUG_INFORMATION_FORMAT = dwarf;
				ENABLE_STRICT_OBJC_MSGSEND = YES;
				ENABLE_TESTABILITY = YES;
				ENABLE_TESTING_SEARCH_PATHS = YES;
				ENABLE_USER_SCRIPT_SANDBOXING = NO;
				GCC_C_LANGUAGE_STANDARD = gnu17;
				GCC_DYNAMIC_NO_PIC = NO;
				GCC_NO_COMMON_BLOCKS = YES;
				GCC_OPTIMIZATION_LEVEL = 0;
				GCC_PREPROCESSOR_DEFINITIONS = (
					"DEBUG=1",
					"$(inherited)",
				);
				GCC_WARN_64_TO_32_BIT_CONVERSION = YES;
				GCC_WARN_ABOUT_RETURN_TYPE = YES_ERROR;
				GCC_WARN_UNDECLARED_SELECTOR = YES;
				GCC_WARN_UNINITIALIZED_AUTOS = YES_AGGRESSIVE;
				GCC_WARN_UNUSED_FUNCTION = YES;
				GCC_WARN_UNUSED_VARIABLE = YES;
				IPHONEOS_DEPLOYMENT_TARGET = 17.0;
				LOCALIZATION_PREFERS_STRING_CATALOGS = YES;
				MTL_ENABLE_DEBUG_INFO = INCLUDE_SOURCE;
				MTL_FAST_MATH = YES;
				ONLY_ACTIVE_ARCH = YES;
				SDKROOT = iphoneos;
				SWIFT_ACTIVE_COMPILATION_CONDITIONS = "DEBUG $(inherited)";
				SWIFT_OPTIMIZATION_LEVEL = "-Onone";
			};
			name = Development;
		};
		2D1C343C2B30C5AB006E3FAE /* Production */ = {
			isa = XCBuildConfiguration;
			buildSettings = {
				ALWAYS_SEARCH_USER_PATHS = NO;
				ASSETCATALOG_COMPILER_GENERATE_SWIFT_ASSET_SYMBOL_EXTENSIONS = YES;
				CLANG_ANALYZER_LOCALIZABILITY_NONLOCALIZED = YES;
				CLANG_ANALYZER_NONNULL = YES;
				CLANG_ANALYZER_NUMBER_OBJECT_CONVERSION = YES_AGGRESSIVE;
				CLANG_CXX_LANGUAGE_STANDARD = "gnu++20";
				CLANG_ENABLE_MODULES = YES;
				CLANG_ENABLE_OBJC_ARC = YES;
				CLANG_ENABLE_OBJC_WEAK = YES;
				CLANG_WARN_BLOCK_CAPTURE_AUTORELEASING = YES;
				CLANG_WARN_BOOL_CONVERSION = YES;
				CLANG_WARN_COMMA = YES;
				CLANG_WARN_CONSTANT_CONVERSION = YES;
				CLANG_WARN_DEPRECATED_OBJC_IMPLEMENTATIONS = YES;
				CLANG_WARN_DIRECT_OBJC_ISA_USAGE = YES_ERROR;
				CLANG_WARN_DOCUMENTATION_COMMENTS = YES;
				CLANG_WARN_EMPTY_BODY = YES;
				CLANG_WARN_ENUM_CONVERSION = YES;
				CLANG_WARN_INFINITE_RECURSION = YES;
				CLANG_WARN_INT_CONVERSION = YES;
				CLANG_WARN_NON_LITERAL_NULL_CONVERSION = YES;
				CLANG_WARN_OBJC_IMPLICIT_RETAIN_SELF = YES;
				CLANG_WARN_OBJC_LITERAL_CONVERSION = YES;
				CLANG_WARN_OBJC_ROOT_CLASS = YES_ERROR;
				CLANG_WARN_QUOTED_INCLUDE_IN_FRAMEWORK_HEADER = YES;
				CLANG_WARN_RANGE_LOOP_ANALYSIS = YES;
				CLANG_WARN_STRICT_PROTOTYPES = YES;
				CLANG_WARN_SUSPICIOUS_MOVE = YES;
				CLANG_WARN_UNGUARDED_AVAILABILITY = YES_AGGRESSIVE;
				CLANG_WARN_UNREACHABLE_CODE = YES;
				CLANG_WARN__DUPLICATE_METHOD_MATCH = YES;
				COPY_PHASE_STRIP = NO;
				DEBUG_INFORMATION_FORMAT = "dwarf-with-dsym";
				ENABLE_NS_ASSERTIONS = NO;
				ENABLE_STRICT_OBJC_MSGSEND = YES;
				ENABLE_TESTABILITY = YES;
				ENABLE_TESTING_SEARCH_PATHS = YES;
				ENABLE_USER_SCRIPT_SANDBOXING = NO;
				GCC_C_LANGUAGE_STANDARD = gnu17;
				GCC_NO_COMMON_BLOCKS = YES;
				GCC_WARN_64_TO_32_BIT_CONVERSION = YES;
				GCC_WARN_ABOUT_RETURN_TYPE = YES_ERROR;
				GCC_WARN_UNDECLARED_SELECTOR = YES;
				GCC_WARN_UNINITIALIZED_AUTOS = YES_AGGRESSIVE;
				GCC_WARN_UNUSED_FUNCTION = YES;
				GCC_WARN_UNUSED_VARIABLE = YES;
				IPHONEOS_DEPLOYMENT_TARGET = 17.0;
				LOCALIZATION_PREFERS_STRING_CATALOGS = YES;
				MTL_ENABLE_DEBUG_INFO = NO;
				MTL_FAST_MATH = YES;
				SDKROOT = iphoneos;
				SWIFT_COMPILATION_MODE = wholemodule;
				VALIDATE_PRODUCT = YES;
			};
			name = Production;
		};
		2D1C343E2B30C5AB006E3FAE /* Development */ = {
			isa = XCBuildConfiguration;
			buildSettings = {
				ASSETCATALOG_COMPILER_APPICON_NAME = AppIcon;
				ASSETCATALOG_COMPILER_GLOBAL_ACCENT_COLOR_NAME = AccentColor;
				CODE_SIGN_IDENTITY = "Apple Development";
				CODE_SIGN_STYLE = Automatic;
				CURRENT_PROJECT_VERSION = 1;
				DEVELOPMENT_ASSET_PATHS = "\"WorldOfPayback/Preview Content\"";
				DEVELOPMENT_TEAM = 499939BRBP;
				ENABLE_PREVIEWS = YES;
				GENERATE_INFOPLIST_FILE = YES;
				INFOPLIST_FILE = WorldOfPayback/Info.plist;
				INFOPLIST_KEY_UIApplicationSceneManifest_Generation = YES;
				INFOPLIST_KEY_UIApplicationSupportsIndirectInputEvents = YES;
				INFOPLIST_KEY_UISupportedInterfaceOrientations_iPad = "UIInterfaceOrientationPortrait UIInterfaceOrientationPortraitUpsideDown UIInterfaceOrientationLandscapeLeft UIInterfaceOrientationLandscapeRight";
				INFOPLIST_KEY_UISupportedInterfaceOrientations_iPhone = "UIInterfaceOrientationPortrait UIInterfaceOrientationLandscapeLeft UIInterfaceOrientationLandscapeRight";
				LD_RUNPATH_SEARCH_PATHS = (
					"$(inherited)",
					"@executable_path/Frameworks",
				);
				MARKETING_VERSION = 1.0;
				PRODUCT_BUNDLE_IDENTIFIER = com.timurpersonal.worldofpayback.dev;
				PRODUCT_NAME = "WorldOfPayback Dev";
				PROVISIONING_PROFILE_SPECIFIER = "";
				SWIFT_EMIT_LOC_STRINGS = YES;
				SWIFT_VERSION = 5.0;
				TARGETED_DEVICE_FAMILY = "1,2";
				VALIDATE_PRODUCT = NO;
			};
			name = Development;
		};
		2D1C343F2B30C5AB006E3FAE /* Production */ = {
			isa = XCBuildConfiguration;
			buildSettings = {
				ASSETCATALOG_COMPILER_APPICON_NAME = AppIcon;
				ASSETCATALOG_COMPILER_GLOBAL_ACCENT_COLOR_NAME = AccentColor;
				CODE_SIGN_IDENTITY = "Apple Development";
				CODE_SIGN_STYLE = Automatic;
				CURRENT_PROJECT_VERSION = 1;
				DEVELOPMENT_ASSET_PATHS = "\"WorldOfPayback/Preview Content\"";
				DEVELOPMENT_TEAM = 499939BRBP;
				ENABLE_PREVIEWS = YES;
				GENERATE_INFOPLIST_FILE = YES;
				INFOPLIST_FILE = WorldOfPayback/Info.plist;
				INFOPLIST_KEY_UIApplicationSceneManifest_Generation = YES;
				INFOPLIST_KEY_UIApplicationSupportsIndirectInputEvents = YES;
				INFOPLIST_KEY_UISupportedInterfaceOrientations_iPad = "UIInterfaceOrientationPortrait UIInterfaceOrientationPortraitUpsideDown UIInterfaceOrientationLandscapeLeft UIInterfaceOrientationLandscapeRight";
				INFOPLIST_KEY_UISupportedInterfaceOrientations_iPhone = "UIInterfaceOrientationPortrait UIInterfaceOrientationLandscapeLeft UIInterfaceOrientationLandscapeRight";
				LD_RUNPATH_SEARCH_PATHS = (
					"$(inherited)",
					"@executable_path/Frameworks",
				);
				MARKETING_VERSION = 1.0;
				PRODUCT_BUNDLE_IDENTIFIER = com.timurpersonal.worldofpayback;
				PRODUCT_NAME = "WorldOfPayback Production";
				PROVISIONING_PROFILE_SPECIFIER = "";
				SWIFT_EMIT_LOC_STRINGS = YES;
				SWIFT_VERSION = 5.0;
				TARGETED_DEVICE_FAMILY = "1,2";
				VALIDATE_PRODUCT = YES;
			};
			name = Production;
		};
		2DDFEAA32B338E2400BA75AE /* Staging */ = {
			isa = XCBuildConfiguration;
			buildSettings = {
				ALWAYS_SEARCH_USER_PATHS = NO;
				ASSETCATALOG_COMPILER_GENERATE_SWIFT_ASSET_SYMBOL_EXTENSIONS = YES;
				CLANG_ANALYZER_LOCALIZABILITY_NONLOCALIZED = YES;
				CLANG_ANALYZER_NONNULL = YES;
				CLANG_ANALYZER_NUMBER_OBJECT_CONVERSION = YES_AGGRESSIVE;
				CLANG_CXX_LANGUAGE_STANDARD = "gnu++20";
				CLANG_ENABLE_MODULES = YES;
				CLANG_ENABLE_OBJC_ARC = YES;
				CLANG_ENABLE_OBJC_WEAK = YES;
				CLANG_WARN_BLOCK_CAPTURE_AUTORELEASING = YES;
				CLANG_WARN_BOOL_CONVERSION = YES;
				CLANG_WARN_COMMA = YES;
				CLANG_WARN_CONSTANT_CONVERSION = YES;
				CLANG_WARN_DEPRECATED_OBJC_IMPLEMENTATIONS = YES;
				CLANG_WARN_DIRECT_OBJC_ISA_USAGE = YES_ERROR;
				CLANG_WARN_DOCUMENTATION_COMMENTS = YES;
				CLANG_WARN_EMPTY_BODY = YES;
				CLANG_WARN_ENUM_CONVERSION = YES;
				CLANG_WARN_INFINITE_RECURSION = YES;
				CLANG_WARN_INT_CONVERSION = YES;
				CLANG_WARN_NON_LITERAL_NULL_CONVERSION = YES;
				CLANG_WARN_OBJC_IMPLICIT_RETAIN_SELF = YES;
				CLANG_WARN_OBJC_LITERAL_CONVERSION = YES;
				CLANG_WARN_OBJC_ROOT_CLASS = YES_ERROR;
				CLANG_WARN_QUOTED_INCLUDE_IN_FRAMEWORK_HEADER = YES;
				CLANG_WARN_RANGE_LOOP_ANALYSIS = YES;
				CLANG_WARN_STRICT_PROTOTYPES = YES;
				CLANG_WARN_SUSPICIOUS_MOVE = YES;
				CLANG_WARN_UNGUARDED_AVAILABILITY = YES_AGGRESSIVE;
				CLANG_WARN_UNREACHABLE_CODE = YES;
				CLANG_WARN__DUPLICATE_METHOD_MATCH = YES;
				COPY_PHASE_STRIP = NO;
				DEBUG_INFORMATION_FORMAT = dwarf;
				ENABLE_STRICT_OBJC_MSGSEND = YES;
				ENABLE_TESTABILITY = YES;
				ENABLE_TESTING_SEARCH_PATHS = YES;
				ENABLE_USER_SCRIPT_SANDBOXING = NO;
				GCC_C_LANGUAGE_STANDARD = gnu17;
				GCC_DYNAMIC_NO_PIC = NO;
				GCC_NO_COMMON_BLOCKS = YES;
				GCC_OPTIMIZATION_LEVEL = 0;
				GCC_PREPROCESSOR_DEFINITIONS = (
					"DEBUG=1",
					"$(inherited)",
				);
				GCC_WARN_64_TO_32_BIT_CONVERSION = YES;
				GCC_WARN_ABOUT_RETURN_TYPE = YES_ERROR;
				GCC_WARN_UNDECLARED_SELECTOR = YES;
				GCC_WARN_UNINITIALIZED_AUTOS = YES_AGGRESSIVE;
				GCC_WARN_UNUSED_FUNCTION = YES;
				GCC_WARN_UNUSED_VARIABLE = YES;
				IPHONEOS_DEPLOYMENT_TARGET = 17.0;
				LOCALIZATION_PREFERS_STRING_CATALOGS = YES;
				MTL_ENABLE_DEBUG_INFO = INCLUDE_SOURCE;
				MTL_FAST_MATH = YES;
				ONLY_ACTIVE_ARCH = YES;
				SDKROOT = iphoneos;
				SWIFT_ACTIVE_COMPILATION_CONDITIONS = "DEBUG $(inherited)";
				SWIFT_OPTIMIZATION_LEVEL = "-Onone";
			};
			name = Staging;
		};
		2DDFEAA42B338E2400BA75AE /* Staging */ = {
			isa = XCBuildConfiguration;
			buildSettings = {
				ASSETCATALOG_COMPILER_APPICON_NAME = AppIcon;
				ASSETCATALOG_COMPILER_GLOBAL_ACCENT_COLOR_NAME = AccentColor;
				CODE_SIGN_IDENTITY = "Apple Development";
				CODE_SIGN_STYLE = Automatic;
				CURRENT_PROJECT_VERSION = 1;
				DEVELOPMENT_ASSET_PATHS = "\"WorldOfPayback/Preview Content\"";
				DEVELOPMENT_TEAM = 499939BRBP;
				ENABLE_PREVIEWS = YES;
				GENERATE_INFOPLIST_FILE = YES;
				INFOPLIST_FILE = WorldOfPayback/Info.plist;
				INFOPLIST_KEY_UIApplicationSceneManifest_Generation = YES;
				INFOPLIST_KEY_UIApplicationSupportsIndirectInputEvents = YES;
				INFOPLIST_KEY_UISupportedInterfaceOrientations_iPad = "UIInterfaceOrientationPortrait UIInterfaceOrientationPortraitUpsideDown UIInterfaceOrientationLandscapeLeft UIInterfaceOrientationLandscapeRight";
				INFOPLIST_KEY_UISupportedInterfaceOrientations_iPhone = "UIInterfaceOrientationPortrait UIInterfaceOrientationLandscapeLeft UIInterfaceOrientationLandscapeRight";
				LD_RUNPATH_SEARCH_PATHS = (
					"$(inherited)",
					"@executable_path/Frameworks",
				);
				MARKETING_VERSION = 1.0;
				PRODUCT_BUNDLE_IDENTIFIER = com.timurpersonal.worldofpayback.staging;
				PRODUCT_NAME = "WorldOfPayback Staging";
				PROVISIONING_PROFILE_SPECIFIER = "";
				SWIFT_EMIT_LOC_STRINGS = YES;
				SWIFT_VERSION = 5.0;
				TARGETED_DEVICE_FAMILY = "1,2";
			};
			name = Staging;
		};
/* End XCBuildConfiguration section */

/* Begin XCConfigurationList section */
		2D1381F82B3AC87400C870BF /* Build configuration list for PBXNativeTarget "WorldOfPayback Tests" */ = {
			isa = XCConfigurationList;
			buildConfigurations = (
				2D1381F92B3AC87400C870BF /* Development */,
				2D1381FA2B3AC87400C870BF /* Staging */,
				2D1381FB2B3AC87400C870BF /* Production */,
			);
			defaultConfigurationIsVisible = 0;
			defaultConfigurationName = Development;
		};
		2D1C342A2B30C5AA006E3FAE /* Build configuration list for PBXProject "WorldOfPayback" */ = {
			isa = XCConfigurationList;
			buildConfigurations = (
				2D1C343B2B30C5AB006E3FAE /* Development */,
				2DDFEAA32B338E2400BA75AE /* Staging */,
				2D1C343C2B30C5AB006E3FAE /* Production */,
			);
			defaultConfigurationIsVisible = 0;
			defaultConfigurationName = Development;
		};
		2D1C343D2B30C5AB006E3FAE /* Build configuration list for PBXNativeTarget "WorldOfPayback" */ = {
			isa = XCConfigurationList;
			buildConfigurations = (
				2D1C343E2B30C5AB006E3FAE /* Development */,
				2DDFEAA42B338E2400BA75AE /* Staging */,
				2D1C343F2B30C5AB006E3FAE /* Production */,
			);
			defaultConfigurationIsVisible = 0;
			defaultConfigurationName = Development;
		};
/* End XCConfigurationList section */

/* Begin XCLocalSwiftPackageReference section */
		2D1382772B3BC0F900C870BF /* XCLocalSwiftPackageReference "AppPackages" */ = {
			isa = XCLocalSwiftPackageReference;
			relativePath = AppPackages;
		};
/* End XCLocalSwiftPackageReference section */

/* Begin XCSwiftPackageProductDependency section */
		2D1382782B3BC0F900C870BF /* WorldOfPaybackApp */ = {
			isa = XCSwiftPackageProductDependency;
			productName = WorldOfPaybackApp;
		};
/* End XCSwiftPackageProductDependency section */
	};
	rootObject = 2D1C34272B30C5AA006E3FAE /* Project object */;
}
